// !$*UTF8*$!
{
	archiveVersion = 1;
	classes = {
	};
	objectVersion = 48;
	objects = {

/* Begin PBXBuildFile section */
		FE51465621653F0000FB6EB9 /* YCPatient.m in Sources */ = {isa = PBXBuildFile; fileRef = FE51465521653F0000FB6EB9 /* YCPatient.m */; };
		FE9C3A872164F3AB00CBBF50 /* AppDelegate.m in Sources */ = {isa = PBXBuildFile; fileRef = FE9C3A862164F3AB00CBBF50 /* AppDelegate.m */; };
		FE9C3A8A2164F3AB00CBBF50 /* ViewController.m in Sources */ = {isa = PBXBuildFile; fileRef = FE9C3A892164F3AB00CBBF50 /* ViewController.m */; };
		FE9C3A8D2164F3AB00CBBF50 /* Main.storyboard in Resources */ = {isa = PBXBuildFile; fileRef = FE9C3A8B2164F3AB00CBBF50 /* Main.storyboard */; };
		FE9C3A8F2164F3AB00CBBF50 /* Assets.xcassets in Resources */ = {isa = PBXBuildFile; fileRef = FE9C3A8E2164F3AB00CBBF50 /* Assets.xcassets */; };
		FE9C3A922164F3AB00CBBF50 /* LaunchScreen.storyboard in Resources */ = {isa = PBXBuildFile; fileRef = FE9C3A902164F3AB00CBBF50 /* LaunchScreen.storyboard */; };
		FE9C3A952164F3AB00CBBF50 /* main.m in Sources */ = {isa = PBXBuildFile; fileRef = FE9C3A942164F3AB00CBBF50 /* main.m */; };
		FE9C3A9D2165037500CBBF50 /* YCStudent.m in Sources */ = {isa = PBXBuildFile; fileRef = FE9C3A9C2165037500CBBF50 /* YCStudent.m */; };
		FEAD29B6232ADF6C00BF5813 /* Tasks in Resources */ = {isa = PBXBuildFile; fileRef = FEAD29B5232ADF6C00BF5813 /* Tasks */; };
/* End PBXBuildFile section */

/* Begin PBXFileReference section */
		FE51465421653EF700FB6EB9 /* YCPatient.h */ = {isa = PBXFileReference; lastKnownFileType = sourcecode.c.h; path = YCPatient.h; sourceTree = "<group>"; };
		FE51465521653F0000FB6EB9 /* YCPatient.m */ = {isa = PBXFileReference; fileEncoding = 4; lastKnownFileType = sourcecode.c.objc; path = YCPatient.m; sourceTree = "<group>"; };
		FE9C3A822164F3AB00CBBF50 /* BlocksHW.app */ = {isa = PBXFileReference; explicitFileType = wrapper.application; includeInIndex = 0; path = BlocksHW.app; sourceTree = BUILT_PRODUCTS_DIR; };
		FE9C3A852164F3AB00CBBF50 /* AppDelegate.h */ = {isa = PBXFileReference; lastKnownFileType = sourcecode.c.h; path = AppDelegate.h; sourceTree = "<group>"; };
		FE9C3A862164F3AB00CBBF50 /* AppDelegate.m */ = {isa = PBXFileReference; lastKnownFileType = sourcecode.c.objc; path = AppDelegate.m; sourceTree = "<group>"; };
		FE9C3A882164F3AB00CBBF50 /* ViewController.h */ = {isa = PBXFileReference; lastKnownFileType = sourcecode.c.h; path = ViewController.h; sourceTree = "<group>"; };
		FE9C3A892164F3AB00CBBF50 /* ViewController.m */ = {isa = PBXFileReference; lastKnownFileType = sourcecode.c.objc; path = ViewController.m; sourceTree = "<group>"; };
		FE9C3A8C2164F3AB00CBBF50 /* Base */ = {isa = PBXFileReference; lastKnownFileType = file.storyboard; name = Base; path = Base.lproj/Main.storyboard; sourceTree = "<group>"; };
		FE9C3A8E2164F3AB00CBBF50 /* Assets.xcassets */ = {isa = PBXFileReference; lastKnownFileType = folder.assetcatalog; path = Assets.xcassets; sourceTree = "<group>"; };
		FE9C3A912164F3AB00CBBF50 /* Base */ = {isa = PBXFileReference; lastKnownFileType = file.storyboard; name = Base; path = Base.lproj/LaunchScreen.storyboard; sourceTree = "<group>"; };
		FE9C3A932164F3AB00CBBF50 /* Info.plist */ = {isa = PBXFileReference; lastKnownFileType = text.plist.xml; path = Info.plist; sourceTree = "<group>"; };
		FE9C3A942164F3AB00CBBF50 /* main.m */ = {isa = PBXFileReference; lastKnownFileType = sourcecode.c.objc; path = main.m; sourceTree = "<group>"; };
		FE9C3A9B2165037500CBBF50 /* YCStudent.h */ = {isa = PBXFileReference; lastKnownFileType = sourcecode.c.h; path = YCStudent.h; sourceTree = "<group>"; };
		FE9C3A9C2165037500CBBF50 /* YCStudent.m */ = {isa = PBXFileReference; lastKnownFileType = sourcecode.c.objc; path = YCStudent.m; sourceTree = "<group>"; };
		FEAD29B5232ADF6C00BF5813 /* Tasks */ = {isa = PBXFileReference; lastKnownFileType = text; path = Tasks; sourceTree = "<group>"; };
/* End PBXFileReference section */

/* Begin PBXFrameworksBuildPhase section */
		FE9C3A7F2164F3AB00CBBF50 /* Frameworks */ = {
			isa = PBXFrameworksBuildPhase;
			buildActionMask = 2147483647;
			files = (
			);
			runOnlyForDeploymentPostprocessing = 0;
		};
/* End PBXFrameworksBuildPhase section */

/* Begin PBXGroup section */
		FE9C3A792164F3AB00CBBF50 = {
			isa = PBXGroup;
			children = (
				FE9C3A842164F3AB00CBBF50 /* BlocksHW */,
				FE9C3A832164F3AB00CBBF50 /* Products */,
			);
			sourceTree = "<group>";
		};
		FE9C3A832164F3AB00CBBF50 /* Products */ = {
			isa = PBXGroup;
			children = (
				FE9C3A822164F3AB00CBBF50 /* BlocksHW.app */,
			);
			name = Products;
			sourceTree = "<group>";
		};
		FE9C3A842164F3AB00CBBF50 /* BlocksHW */ = {
			isa = PBXGroup;
			children = (
				FEAD29B5232ADF6C00BF5813 /* Tasks */,
				FE51465421653EF700FB6EB9 /* YCPatient.h */,
				FE51465521653F0000FB6EB9 /* YCPatient.m */,
				FE9C3A9B2165037500CBBF50 /* YCStudent.h */,
				FE9C3A9C2165037500CBBF50 /* YCStudent.m */,
				FE9C3A852164F3AB00CBBF50 /* AppDelegate.h */,
				FE9C3A862164F3AB00CBBF50 /* AppDelegate.m */,
				FE9C3A882164F3AB00CBBF50 /* ViewController.h */,
				FE9C3A892164F3AB00CBBF50 /* ViewController.m */,
				FE9C3A8B2164F3AB00CBBF50 /* Main.storyboard */,
				FE9C3A8E2164F3AB00CBBF50 /* Assets.xcassets */,
				FE9C3A902164F3AB00CBBF50 /* LaunchScreen.storyboard */,
				FE9C3A932164F3AB00CBBF50 /* Info.plist */,
				FE9C3A942164F3AB00CBBF50 /* main.m */,
			);
			path = BlocksHW;
			sourceTree = "<group>";
		};
/* End PBXGroup section */

/* Begin PBXNativeTarget section */
		FE9C3A812164F3AB00CBBF50 /* BlocksHW */ = {
			isa = PBXNativeTarget;
			buildConfigurationList = FE9C3A982164F3AB00CBBF50 /* Build configuration list for PBXNativeTarget "BlocksHW" */;
			buildPhases = (
				FE9C3A7E2164F3AB00CBBF50 /* Sources */,
				FE9C3A7F2164F3AB00CBBF50 /* Frameworks */,
				FE9C3A802164F3AB00CBBF50 /* Resources */,
			);
			buildRules = (
			);
			dependencies = (
			);
			name = BlocksHW;
			productName = BlocksHW;
			productReference = FE9C3A822164F3AB00CBBF50 /* BlocksHW.app */;
			productType = "com.apple.product-type.application";
		};
/* End PBXNativeTarget section */

/* Begin PBXProject section */
		FE9C3A7A2164F3AB00CBBF50 /* Project object */ = {
			isa = PBXProject;
			attributes = {
				CLASSPREFIX = YC;
				LastUpgradeCheck = 0920;
				ORGANIZATIONNAME = "Yuriy Chizh";
				TargetAttributes = {
					FE9C3A812164F3AB00CBBF50 = {
						CreatedOnToolsVersion = 9.2;
						ProvisioningStyle = Automatic;
					};
				};
			};
			buildConfigurationList = FE9C3A7D2164F3AB00CBBF50 /* Build configuration list for PBXProject "BlocksHW" */;
			compatibilityVersion = "Xcode 8.0";
			developmentRegion = en;
			hasScannedForEncodings = 0;
			knownRegions = (
				en,
				Base,
			);
			mainGroup = FE9C3A792164F3AB00CBBF50;
			productRefGroup = FE9C3A832164F3AB00CBBF50 /* Products */;
			projectDirPath = "";
			projectRoot = "";
			targets = (
				FE9C3A812164F3AB00CBBF50 /* BlocksHW */,
			);
		};
/* End PBXProject section */

/* Begin PBXResourcesBuildPhase section */
		FE9C3A802164F3AB00CBBF50 /* Resources */ = {
			isa = PBXResourcesBuildPhase;
			buildActionMask = 2147483647;
			files = (
				FE9C3A922164F3AB00CBBF50 /* LaunchScreen.storyboard in Resources */,
				FE9C3A8F2164F3AB00CBBF50 /* Assets.xcassets in Resources */,
				FE9C3A8D2164F3AB00CBBF50 /* Main.storyboard in Resources */,
				FEAD29B6232ADF6C00BF5813 /* Tasks in Resources */,
			);
			runOnlyForDeploymentPostprocessing = 0;
		};
/* End PBXResourcesBuildPhase section */

/* Begin PBXSourcesBuildPhase section */
		FE9C3A7E2164F3AB00CBBF50 /* Sources */ = {
			isa = PBXSourcesBuildPhase;
			buildActionMask = 2147483647;
			files = (
				FE9C3A8A2164F3AB00CBBF50 /* ViewController.m in Sources */,
				FE9C3A9D2165037500CBBF50 /* YCStudent.m in Sources */,
				FE9C3A952164F3AB00CBBF50 /* main.m in Sources */,
				FE9C3A872164F3AB00CBBF50 /* AppDelegate.m in Sources */,
				FE51465621653F0000FB6EB9 /* YCPatient.m in Sources */,
			);
			runOnlyForDeploymentPostprocessing = 0;
		};
/* End PBXSourcesBuildPhase section */

/* Begin PBXVariantGroup section */
		FE9C3A8B2164F3AB00CBBF50 /* Main.storyboard */ = {
			isa = PBXVariantGroup;
			children = (
				FE9C3A8C2164F3AB00CBBF50 /* Base */,
			);
			name = Main.storyboard;
			sourceTree = "<group>";
		};
		FE9C3A902164F3AB00CBBF50 /* LaunchScreen.storyboard */ = {
			isa = PBXVariantGroup;
			children = (
				FE9C3A912164F3AB00CBBF50 /* Base */,
			);
			name = LaunchScreen.storyboard;
			sourceTree = "<group>";
		};
/* End PBXVariantGroup section */

/* Begin XCBuildConfiguration section */
		FE9C3A962164F3AB00CBBF50 /* Debug */ = {
			isa = XCBuildConfiguration;
			buildSettings = {
				ALWAYS_SEARCH_USER_PATHS = NO;
				CLANG_ANALYZER_NONNULL = YES;
				CLANG_ANALYZER_NUMBER_OBJECT_CONVERSION = YES_AGGRESSIVE;
				CLANG_CXX_LANGUAGE_STANDARD = "gnu++14";
				CLANG_CXX_LIBRARY = "libc++";
				CLANG_ENABLE_MODULES = YES;
				CLANG_ENABLE_OBJC_ARC = YES;
				CLANG_WARN_BLOCK_CAPTURE_AUTORELEASING = YES;
				CLANG_WARN_BOOL_CONVERSION = YES;
				CLANG_WARN_COMMA = YES;
				CLANG_WARN_CONSTANT_CONVERSION = YES;
				CLANG_WARN_DIRECT_OBJC_ISA_USAGE = YES_ERROR;
				CLANG_WARN_DOCUMENTATION_COMMENTS = YES;
				CLANG_WARN_EMPTY_BODY = YES;
				CLANG_WARN_ENUM_CONVERSION = YES;
				CLANG_WARN_INFINITE_RECURSION = YES;
				CLANG_WARN_INT_CONVERSION = YES;
				CLANG_WARN_NON_LITERAL_NULL_CONVERSION = YES;
				CLANG_WARN_OBJC_LITERAL_CONVERSION = YES;
				CLANG_WARN_OBJC_ROOT_CLASS = YES_ERROR;
				CLANG_WARN_RANGE_LOOP_ANALYSIS = YES;
				CLANG_WARN_STRICT_PROTOTYPES = YES;
				CLANG_WARN_SUSPICIOUS_MOVE = YES;
				CLANG_WARN_UNGUARDED_AVAILABILITY = YES_AGGRESSIVE;
				CLANG_WARN_UNREACHABLE_CODE = YES;
				CLANG_WARN__DUPLICATE_METHOD_MATCH = YES;
				CODE_SIGN_IDENTITY = "iPhone Developer";
				COPY_PHASE_STRIP = NO;
				DEBUG_INFORMATION_FORMAT = dwarf;
				ENABLE_STRICT_OBJC_MSGSEND = YES;
				ENABLE_TESTABILITY = YES;
				GCC_C_LANGUAGE_STANDARD = gnu11;
				GCC_DYNAMIC_NO_PIC = NO;
				GCC_NO_COMMON_BLOCKS = YES;
				GCC_OPTIMIZATION_LEVEL = 0;
				GCC_PREPROCESSOR_DEFINITIONS = (
					"DEBUG=1",
					"$(inherited)",
				);
				GCC_WARN_64_TO_32_BIT_CONVERSION = YES;
				GCC_WARN_ABOUT_RETURN_TYPE = YES_ERROR;
				GCC_WARN_UNDECLARED_SELECTOR = YES;
				GCC_WARN_UNINITIALIZED_AUTOS = YES_AGGRESSIVE;
				GCC_WARN_UNUSED_FUNCTION = YES;
				GCC_WARN_UNUSED_VARIABLE = YES;
				IPHONEOS_DEPLOYMENT_TARGET = 11.2;
				MTL_ENABLE_DEBUG_INFO = YES;
				ONLY_ACTIVE_ARCH = YES;
				SDKROOT = iphoneos;
			};
			name = Debug;
		};
		FE9C3A972164F3AB00CBBF50 /* Release */ = {
			isa = XCBuildConfiguration;
			buildSettings = {
				ALWAYS_SEARCH_USER_PATHS = NO;
				CLANG_ANALYZER_NONNULL = YES;
				CLANG_ANALYZER_NUMBER_OBJECT_CONVERSION = YES_AGGRESSIVE;
				CLANG_CXX_LANGUAGE_STANDARD = "gnu++14";
				CLANG_CXX_LIBRARY = "libc++";
				CLANG_ENABLE_MODULES = YES;
				CLANG_ENABLE_OBJC_ARC = YES;
				CLANG_WARN_BLOCK_CAPTURE_AUTORELEASING = YES;
				CLANG_WARN_BOOL_CONVERSION = YES;
				CLANG_WARN_COMMA = YES;
				CLANG_WARN_CONSTANT_CONVERSION = YES;
				CLANG_WARN_DIRECT_OBJC_ISA_USAGE = YES_ERROR;
				CLANG_WARN_DOCUMENTATION_COMMENTS = YES;
				CLANG_WARN_EMPTY_BODY = YES;
				CLANG_WARN_ENUM_CONVERSION = YES;
				CLANG_WARN_INFINITE_RECURSION = YES;
				CLANG_WARN_INT_CONVERSION = YES;
				CLANG_WARN_NON_LITERAL_NULL_CONVERSION = YES;
				CLANG_WARN_OBJC_LITERAL_CONVERSION = YES;
				CLANG_WARN_OBJC_ROOT_CLASS = YES_ERROR;
				CLANG_WARN_RANGE_LOOP_ANALYSIS = YES;
				CLANG_WARN_STRICT_PROTOTYPES = YES;
				CLANG_WARN_SUSPICIOUS_MOVE = YES;
				CLANG_WARN_UNGUARDED_AVAILABILITY = YES_AGGRESSIVE;
				CLANG_WARN_UNREACHABLE_CODE = YES;
				CLANG_WARN__DUPLICATE_METHOD_MATCH = YES;
				CODE_SIGN_IDENTITY = "iPhone Developer";
				COPY_PHASE_STRIP = NO;
				DEBUG_INFORMATION_FORMAT = "dwarf-with-dsym";
				ENABLE_NS_ASSERTIONS = NO;
				ENABLE_STRICT_OBJC_MSGSEND = YES;
				GCC_C_LANGUAGE_STANDARD = gnu11;
				GCC_NO_COMMON_BLOCKS = YES;
				GCC_WARN_64_TO_32_BIT_CONVERSION = YES;
				GCC_WARN_ABOUT_RETURN_TYPE = YES_ERROR;
				GCC_WARN_UNDECLARED_SELECTOR = YES;
				GCC_WARN_UNINITIALIZED_AUTOS = YES_AGGRESSIVE;
				GCC_WARN_UNUSED_FUNCTION = YES;
				GCC_WARN_UNUSED_VARIABLE = YES;
				IPHONEOS_DEPLOYMENT_TARGET = 11.2;
				MTL_ENABLE_DEBUG_INFO = NO;
				SDKROOT = iphoneos;
				VALIDATE_PRODUCT = YES;
			};
			name = Release;
		};
		FE9C3A992164F3AB00CBBF50 /* Debug */ = {
			isa = XCBuildConfiguration;
			buildSettings = {
				ASSETCATALOG_COMPILER_APPICON_NAME = AppIcon;
				CODE_SIGN_STYLE = Automatic;
				INFOPLIST_FILE = BlocksHW/Info.plist;
				LD_RUNPATH_SEARCH_PATHS = "$(inherited) @executable_path/Frameworks";
				PRODUCT_BUNDLE_IDENTIFIER = com.yuriychizh.BlocksHW;
				PRODUCT_NAME = "$(TARGET_NAME)";
				TARGETED_DEVICE_FAMILY = "1,2";
			};
			name = Debug;
		};
		FE9C3A9A2164F3AB00CBBF50 /* Release */ = {
			isa = XCBuildConfiguration;
			buildSettings = {
				ASSETCATALOG_COMPILER_APPICON_NAME = AppIcon;
				CODE_SIGN_STYLE = Automatic;
				INFOPLIST_FILE = BlocksHW/Info.plist;
				LD_RUNPATH_SEARCH_PATHS = "$(inherited) @executable_path/Frameworks";
				PRODUCT_BUNDLE_IDENTIFIER = com.yuriychizh.BlocksHW;
				PRODUCT_NAME = "$(TARGET_NAME)";
				TARGETED_DEVICE_FAMILY = "1,2";
			};
			name = Release;
		};
/* End XCBuildConfiguration section */

/* Begin XCConfigurationList section */
		FE9C3A7D2164F3AB00CBBF50 /* Build configuration list for PBXProject "BlocksHW" */ = {
			isa = XCConfigurationList;
			buildConfigurations = (
				FE9C3A962164F3AB00CBBF50 /* Debug */,
				FE9C3A972164F3AB00CBBF50 /* Release */,
			);
			defaultConfigurationIsVisible = 0;
			defaultConfigurationName = Release;
		};
		FE9C3A982164F3AB00CBBF50 /* Build configuration list for PBXNativeTarget "BlocksHW" */ = {
			isa = XCConfigurationList;
			buildConfigurations = (
				FE9C3A992164F3AB00CBBF50 /* Debug */,
				FE9C3A9A2164F3AB00CBBF50 /* Release */,
			);
			defaultConfigurationIsVisible = 0;
			defaultConfigurationName = Release;
		};
/* End XCConfigurationList section */
	};
	rootObject = FE9C3A7A2164F3AB00CBBF50 /* Project object */;
}
