// !$*UTF8*$!
{
	archiveVersion = 1;
	classes = {
	};
	objectVersion = 50;
	objects = {

/* Begin PBXBuildFile section */
		FEA84DA522099877009D0EE3 /* AppDelegate.m in Sources */ = {isa = PBXBuildFile; fileRef = FEA84DA422099877009D0EE3 /* AppDelegate.m */; };
		FEA84DA822099877009D0EE3 /* ViewController.m in Sources */ = {isa = PBXBuildFile; fileRef = FEA84DA722099877009D0EE3 /* ViewController.m */; };
		FEA84DAB22099877009D0EE3 /* Main.storyboard in Resources */ = {isa = PBXBuildFile; fileRef = FEA84DA922099877009D0EE3 /* Main.storyboard */; };
		FEA84DAD22099878009D0EE3 /* Assets.xcassets in Resources */ = {isa = PBXBuildFile; fileRef = FEA84DAC22099878009D0EE3 /* Assets.xcassets */; };
		FEA84DB022099878009D0EE3 /* LaunchScreen.storyboard in Resources */ = {isa = PBXBuildFile; fileRef = FEA84DAE22099878009D0EE3 /* LaunchScreen.storyboard */; };
		FEA84DB322099878009D0EE3 /* main.m in Sources */ = {isa = PBXBuildFile; fileRef = FEA84DB222099878009D0EE3 /* main.m */; };
/* End PBXBuildFile section */

/* Begin PBXFileReference section */
		FEA84DA022099877009D0EE3 /* TextFieldFormatTest.app */ = {isa = PBXFileReference; explicitFileType = wrapper.application; includeInIndex = 0; path = TextFieldFormatTest.app; sourceTree = BUILT_PRODUCTS_DIR; };
		FEA84DA322099877009D0EE3 /* AppDelegate.h */ = {isa = PBXFileReference; lastKnownFileType = sourcecode.c.h; path = AppDelegate.h; sourceTree = "<group>"; };
		FEA84DA422099877009D0EE3 /* AppDelegate.m */ = {isa = PBXFileReference; lastKnownFileType = sourcecode.c.objc; path = AppDelegate.m; sourceTree = "<group>"; };
		FEA84DA622099877009D0EE3 /* ViewController.h */ = {isa = PBXFileReference; lastKnownFileType = sourcecode.c.h; path = ViewController.h; sourceTree = "<group>"; };
		FEA84DA722099877009D0EE3 /* ViewController.m */ = {isa = PBXFileReference; lastKnownFileType = sourcecode.c.objc; path = ViewController.m; sourceTree = "<group>"; };
		FEA84DAA22099877009D0EE3 /* Base */ = {isa = PBXFileReference; lastKnownFileType = file.storyboard; name = Base; path = Base.lproj/Main.storyboard; sourceTree = "<group>"; };
		FEA84DAC22099878009D0EE3 /* Assets.xcassets */ = {isa = PBXFileReference; lastKnownFileType = folder.assetcatalog; path = Assets.xcassets; sourceTree = "<group>"; };
		FEA84DAF22099878009D0EE3 /* Base */ = {isa = PBXFileReference; lastKnownFileType = file.storyboard; name = Base; path = Base.lproj/LaunchScreen.storyboard; sourceTree = "<group>"; };
		FEA84DB122099878009D0EE3 /* Info.plist */ = {isa = PBXFileReference; lastKnownFileType = text.plist.xml; path = Info.plist; sourceTree = "<group>"; };
		FEA84DB222099878009D0EE3 /* main.m */ = {isa = PBXFileReference; lastKnownFileType = sourcecode.c.objc; path = main.m; sourceTree = "<group>"; };
/* End PBXFileReference section */

/* Begin PBXFrameworksBuildPhase section */
		FEA84D9D22099877009D0EE3 /* Frameworks */ = {
			isa = PBXFrameworksBuildPhase;
			buildActionMask = 2147483647;
			files = (
			);
			runOnlyForDeploymentPostprocessing = 0;
		};
/* End PBXFrameworksBuildPhase section */

/* Begin PBXGroup section */
		FEA84D9722099877009D0EE3 = {
			isa = PBXGroup;
			children = (
				FEA84DA222099877009D0EE3 /* TextFieldFormatTest */,
				FEA84DA122099877009D0EE3 /* Products */,
			);
			sourceTree = "<group>";
		};
		FEA84DA122099877009D0EE3 /* Products */ = {
			isa = PBXGroup;
			children = (
				FEA84DA022099877009D0EE3 /* TextFieldFormatTest.app */,
			);
			name = Products;
			sourceTree = "<group>";
		};
		FEA84DA222099877009D0EE3 /* TextFieldFormatTest */ = {
			isa = PBXGroup;
			children = (
				FEA84DA322099877009D0EE3 /* AppDelegate.h */,
				FEA84DA422099877009D0EE3 /* AppDelegate.m */,
				FEA84DA622099877009D0EE3 /* ViewController.h */,
				FEA84DA722099877009D0EE3 /* ViewController.m */,
				FEA84DA922099877009D0EE3 /* Main.storyboard */,
				FEA84DAC22099878009D0EE3 /* Assets.xcassets */,
				FEA84DAE22099878009D0EE3 /* LaunchScreen.storyboard */,
				FEA84DB122099878009D0EE3 /* Info.plist */,
				FEA84DB222099878009D0EE3 /* main.m */,
			);
			path = TextFieldFormatTest;
			sourceTree = "<group>";
		};
/* End PBXGroup section */

/* Begin PBXNativeTarget section */
		FEA84D9F22099877009D0EE3 /* TextFieldFormatTest */ = {
			isa = PBXNativeTarget;
			buildConfigurationList = FEA84DB622099878009D0EE3 /* Build configuration list for PBXNativeTarget "TextFieldFormatTest" */;
			buildPhases = (
				FEA84D9C22099877009D0EE3 /* Sources */,
				FEA84D9D22099877009D0EE3 /* Frameworks */,
				FEA84D9E22099877009D0EE3 /* Resources */,
			);
			buildRules = (
			);
			dependencies = (
			);
			name = TextFieldFormatTest;
			productName = TextFieldFormatTest;
			productReference = FEA84DA022099877009D0EE3 /* TextFieldFormatTest.app */;
			productType = "com.apple.product-type.application";
		};
/* End PBXNativeTarget section */

/* Begin PBXProject section */
		FEA84D9822099877009D0EE3 /* Project object */ = {
			isa = PBXProject;
			attributes = {
				CLASSPREFIX = YC;
				LastUpgradeCheck = 1010;
				ORGANIZATIONNAME = "Yuriy Chizh";
				TargetAttributes = {
					FEA84D9F22099877009D0EE3 = {
						CreatedOnToolsVersion = 10.1;
					};
				};
			};
			buildConfigurationList = FEA84D9B22099877009D0EE3 /* Build configuration list for PBXProject "TextFieldFormatTest" */;
			compatibilityVersion = "Xcode 9.3";
			developmentRegion = en;
			hasScannedForEncodings = 0;
			knownRegions = (
				en,
				Base,
			);
			mainGroup = FEA84D9722099877009D0EE3;
			productRefGroup = FEA84DA122099877009D0EE3 /* Products */;
			projectDirPath = "";
			projectRoot = "";
			targets = (
				FEA84D9F22099877009D0EE3 /* TextFieldFormatTest */,
			);
		};
/* End PBXProject section */

/* Begin PBXResourcesBuildPhase section */
		FEA84D9E22099877009D0EE3 /* Resources */ = {
			isa = PBXResourcesBuildPhase;
			buildActionMask = 2147483647;
			files = (
				FEA84DB022099878009D0EE3 /* LaunchScreen.storyboard in Resources */,
				FEA84DAD22099878009D0EE3 /* Assets.xcassets in Resources */,
				FEA84DAB22099877009D0EE3 /* Main.storyboard in Resources */,
			);
			runOnlyForDeploymentPostprocessing = 0;
		};
/* End PBXResourcesBuildPhase section */

/* Begin PBXSourcesBuildPhase section */
		FEA84D9C22099877009D0EE3 /* Sources */ = {
			isa = PBXSourcesBuildPhase;
			buildActionMask = 2147483647;
			files = (
				FEA84DA822099877009D0EE3 /* ViewController.m in Sources */,
				FEA84DB322099878009D0EE3 /* main.m in Sources */,
				FEA84DA522099877009D0EE3 /* AppDelegate.m in Sources */,
			);
			runOnlyForDeploymentPostprocessing = 0;
		};
/* End PBXSourcesBuildPhase section */

/* Begin PBXVariantGroup section */
		FEA84DA922099877009D0EE3 /* Main.storyboard */ = {
			isa = PBXVariantGroup;
			children = (
				FEA84DAA22099877009D0EE3 /* Base */,
			);
			name = Main.storyboard;
			sourceTree = "<group>";
		};
		FEA84DAE22099878009D0EE3 /* LaunchScreen.storyboard */ = {
			isa = PBXVariantGroup;
			children = (
				FEA84DAF22099878009D0EE3 /* Base */,
			);
			name = LaunchScreen.storyboard;
			sourceTree = "<group>";
		};
/* End PBXVariantGroup section */

/* Begin XCBuildConfiguration section */
		FEA84DB422099878009D0EE3 /* Debug */ = {
			isa = XCBuildConfiguration;
			buildSettings = {
				ALWAYS_SEARCH_USER_PATHS = NO;
				CLANG_ANALYZER_NONNULL = YES;
				CLANG_ANALYZER_NUMBER_OBJECT_CONVERSION = YES_AGGRESSIVE;
				CLANG_CXX_LANGUAGE_STANDARD = "gnu++14";
				CLANG_CXX_LIBRARY = "libc++";
				CLANG_ENABLE_MODULES = YES;
				CLANG_ENABLE_OBJC_ARC = YES;
				CLANG_ENABLE_OBJC_WEAK = YES;
				CLANG_WARN_BLOCK_CAPTURE_AUTORELEASING = YES;
				CLANG_WARN_BOOL_CONVERSION = YES;
				CLANG_WARN_COMMA = YES;
				CLANG_WARN_CONSTANT_CONVERSION = YES;
				CLANG_WARN_DEPRECATED_OBJC_IMPLEMENTATIONS = YES;
				CLANG_WARN_DIRECT_OBJC_ISA_USAGE = YES_ERROR;
				CLANG_WARN_DOCUMENTATION_COMMENTS = YES;
				CLANG_WARN_EMPTY_BODY = YES;
				CLANG_WARN_ENUM_CONVERSION = YES;
				CLANG_WARN_INFINITE_RECURSION = YES;
				CLANG_WARN_INT_CONVERSION = YES;
				CLANG_WARN_NON_LITERAL_NULL_CONVERSION = YES;
				CLANG_WARN_OBJC_IMPLICIT_RETAIN_SELF = YES;
				CLANG_WARN_OBJC_LITERAL_CONVERSION = YES;
				CLANG_WARN_OBJC_ROOT_CLASS = YES_ERROR;
				CLANG_WARN_RANGE_LOOP_ANALYSIS = YES;
				CLANG_WARN_STRICT_PROTOTYPES = YES;
				CLANG_WARN_SUSPICIOUS_MOVE = YES;
				CLANG_WARN_UNGUARDED_AVAILABILITY = YES_AGGRESSIVE;
				CLANG_WARN_UNREACHABLE_CODE = YES;
				CLANG_WARN__DUPLICATE_METHOD_MATCH = YES;
				CODE_SIGN_IDENTITY = "iPhone Developer";
				COPY_PHASE_STRIP = NO;
				DEBUG_INFORMATION_FORMAT = dwarf;
				ENABLE_STRICT_OBJC_MSGSEND = YES;
				ENABLE_TESTABILITY = YES;
				GCC_C_LANGUAGE_STANDARD = gnu11;
				GCC_DYNAMIC_NO_PIC = NO;
				GCC_NO_COMMON_BLOCKS = YES;
				GCC_OPTIMIZATION_LEVEL = 0;
				GCC_PREPROCESSOR_DEFINITIONS = (
					"DEBUG=1",
					"$(inherited)",
				);
				GCC_WARN_64_TO_32_BIT_CONVERSION = YES;
				GCC_WARN_ABOUT_RETURN_TYPE = YES_ERROR;
				GCC_WARN_UNDECLARED_SELECTOR = YES;
				GCC_WARN_UNINITIALIZED_AUTOS = YES_AGGRESSIVE;
				GCC_WARN_UNUSED_FUNCTION = YES;
				GCC_WARN_UNUSED_VARIABLE = YES;
				IPHONEOS_DEPLOYMENT_TARGET = 12.1;
				MTL_ENABLE_DEBUG_INFO = INCLUDE_SOURCE;
				MTL_FAST_MATH = YES;
				ONLY_ACTIVE_ARCH = YES;
				SDKROOT = iphoneos;
			};
			name = Debug;
		};
		FEA84DB522099878009D0EE3 /* Release */ = {
			isa = XCBuildConfiguration;
			buildSettings = {
				ALWAYS_SEARCH_USER_PATHS = NO;
				CLANG_ANALYZER_NONNULL = YES;
				CLANG_ANALYZER_NUMBER_OBJECT_CONVERSION = YES_AGGRESSIVE;
				CLANG_CXX_LANGUAGE_STANDARD = "gnu++14";
				CLANG_CXX_LIBRARY = "libc++";
				CLANG_ENABLE_MODULES = YES;
				CLANG_ENABLE_OBJC_ARC = YES;
				CLANG_ENABLE_OBJC_WEAK = YES;
				CLANG_WARN_BLOCK_CAPTURE_AUTORELEASING = YES;
				CLANG_WARN_BOOL_CONVERSION = YES;
				CLANG_WARN_COMMA = YES;
				CLANG_WARN_CONSTANT_CONVERSION = YES;
				CLANG_WARN_DEPRECATED_OBJC_IMPLEMENTATIONS = YES;
				CLANG_WARN_DIRECT_OBJC_ISA_USAGE = YES_ERROR;
				CLANG_WARN_DOCUMENTATION_COMMENTS = YES;
				CLANG_WARN_EMPTY_BODY = YES;
				CLANG_WARN_ENUM_CONVERSION = YES;
				CLANG_WARN_INFINITE_RECURSION = YES;
				CLANG_WARN_INT_CONVERSION = YES;
				CLANG_WARN_NON_LITERAL_NULL_CONVERSION = YES;
				CLANG_WARN_OBJC_IMPLICIT_RETAIN_SELF = YES;
				CLANG_WARN_OBJC_LITERAL_CONVERSION = YES;
				CLANG_WARN_OBJC_ROOT_CLASS = YES_ERROR;
				CLANG_WARN_RANGE_LOOP_ANALYSIS = YES;
				CLANG_WARN_STRICT_PROTOTYPES = YES;
				CLANG_WARN_SUSPICIOUS_MOVE = YES;
				CLANG_WARN_UNGUARDED_AVAILABILITY = YES_AGGRESSIVE;
				CLANG_WARN_UNREACHABLE_CODE = YES;
				CLANG_WARN__DUPLICATE_METHOD_MATCH = YES;
				CODE_SIGN_IDENTITY = "iPhone Developer";
				COPY_PHASE_STRIP = NO;
				DEBUG_INFORMATION_FORMAT = "dwarf-with-dsym";
				ENABLE_NS_ASSERTIONS = NO;
				ENABLE_STRICT_OBJC_MSGSEND = YES;
				GCC_C_LANGUAGE_STANDARD = gnu11;
				GCC_NO_COMMON_BLOCKS = YES;
				GCC_WARN_64_TO_32_BIT_CONVERSION = YES;
				GCC_WARN_ABOUT_RETURN_TYPE = YES_ERROR;
				GCC_WARN_UNDECLARED_SELECTOR = YES;
				GCC_WARN_UNINITIALIZED_AUTOS = YES_AGGRESSIVE;
				GCC_WARN_UNUSED_FUNCTION = YES;
				GCC_WARN_UNUSED_VARIABLE = YES;
				IPHONEOS_DEPLOYMENT_TARGET = 12.1;
				MTL_ENABLE_DEBUG_INFO = NO;
				MTL_FAST_MATH = YES;
				SDKROOT = iphoneos;
				VALIDATE_PRODUCT = YES;
			};
			name = Release;
		};
		FEA84DB722099878009D0EE3 /* Debug */ = {
			isa = XCBuildConfiguration;
			buildSettings = {
				ASSETCATALOG_COMPILER_APPICON_NAME = AppIcon;
				CODE_SIGN_STYLE = Automatic;
				INFOPLIST_FILE = TextFieldFormatTest/Info.plist;
				LD_RUNPATH_SEARCH_PATHS = (
					"$(inherited)",
					"@executable_path/Frameworks",
				);
				PRODUCT_BUNDLE_IDENTIFIER = com.yuriychizh.TextFieldFormatTest;
				PRODUCT_NAME = "$(TARGET_NAME)";
				TARGETED_DEVICE_FAMILY = "1,2";
			};
			name = Debug;
		};
		FEA84DB822099878009D0EE3 /* Release */ = {
			isa = XCBuildConfiguration;
			buildSettings = {
				ASSETCATALOG_COMPILER_APPICON_NAME = AppIcon;
				CODE_SIGN_STYLE = Automatic;
				INFOPLIST_FILE = TextFieldFormatTest/Info.plist;
				LD_RUNPATH_SEARCH_PATHS = (
					"$(inherited)",
					"@executable_path/Frameworks",
				);
				PRODUCT_BUNDLE_IDENTIFIER = com.yuriychizh.TextFieldFormatTest;
				PRODUCT_NAME = "$(TARGET_NAME)";
				TARGETED_DEVICE_FAMILY = "1,2";
			};
			name = Release;
		};
/* End XCBuildConfiguration section */

/* Begin XCConfigurationList section */
		FEA84D9B22099877009D0EE3 /* Build configuration list for PBXProject "TextFieldFormatTest" */ = {
			isa = XCConfigurationList;
			buildConfigurations = (
				FEA84DB422099878009D0EE3 /* Debug */,
				FEA84DB522099878009D0EE3 /* Release */,
			);
			defaultConfigurationIsVisible = 0;
			defaultConfigurationName = Release;
		};
		FEA84DB622099878009D0EE3 /* Build configuration list for PBXNativeTarget "TextFieldFormatTest" */ = {
			isa = XCConfigurationList;
			buildConfigurations = (
				FEA84DB722099878009D0EE3 /* Debug */,
				FEA84DB822099878009D0EE3 /* Release */,
			);
			defaultConfigurationIsVisible = 0;
			defaultConfigurationName = Release;
		};
/* End XCConfigurationList section */
	};
	rootObject = FEA84D9822099877009D0EE3 /* Project object */;
}
