// !$*UTF8*$!
{
	archiveVersion = 1;
	classes = {
	};
	objectVersion = 48;
	objects = {

/* Begin PBXBuildFile section */
		FE7869F721A5F9B6003FB9C4 /* AppDelegate.m in Sources */ = {isa = PBXBuildFile; fileRef = FE7869F621A5F9B6003FB9C4 /* AppDelegate.m */; };
		FE7869FA21A5F9B6003FB9C4 /* ViewController.m in Sources */ = {isa = PBXBuildFile; fileRef = FE7869F921A5F9B6003FB9C4 /* ViewController.m */; };
		FE7869FD21A5F9B6003FB9C4 /* Main.storyboard in Resources */ = {isa = PBXBuildFile; fileRef = FE7869FB21A5F9B6003FB9C4 /* Main.storyboard */; };
		FE7869FF21A5F9B8003FB9C4 /* Assets.xcassets in Resources */ = {isa = PBXBuildFile; fileRef = FE7869FE21A5F9B8003FB9C4 /* Assets.xcassets */; };
		FE786A0221A5F9B8003FB9C4 /* LaunchScreen.storyboard in Resources */ = {isa = PBXBuildFile; fileRef = FE786A0021A5F9B8003FB9C4 /* LaunchScreen.storyboard */; };
		FE786A0521A5F9B8003FB9C4 /* main.m in Sources */ = {isa = PBXBuildFile; fileRef = FE786A0421A5F9B8003FB9C4 /* main.m */; };
		FEAD29C4232AE8A800BF5813 /* Tasks in Resources */ = {isa = PBXBuildFile; fileRef = FEAD29C3232AE8A800BF5813 /* Tasks */; };
		FED9C8A021A7643A0069952F /* 8.png in Resources */ = {isa = PBXBuildFile; fileRef = FED9C89821A7643A0069952F /* 8.png */; };
		FED9C8A121A7643A0069952F /* 4.png in Resources */ = {isa = PBXBuildFile; fileRef = FED9C89921A7643A0069952F /* 4.png */; };
		FED9C8A221A7643A0069952F /* 5.png in Resources */ = {isa = PBXBuildFile; fileRef = FED9C89A21A7643A0069952F /* 5.png */; };
		FED9C8A321A7643A0069952F /* 7.png in Resources */ = {isa = PBXBuildFile; fileRef = FED9C89B21A7643A0069952F /* 7.png */; };
		FED9C8A421A7643A0069952F /* 6.png in Resources */ = {isa = PBXBuildFile; fileRef = FED9C89C21A7643A0069952F /* 6.png */; };
		FED9C8A521A7643A0069952F /* 2.png in Resources */ = {isa = PBXBuildFile; fileRef = FED9C89D21A7643A0069952F /* 2.png */; };
		FED9C8A621A7643A0069952F /* 3.png in Resources */ = {isa = PBXBuildFile; fileRef = FED9C89E21A7643A0069952F /* 3.png */; };
		FED9C8A721A7643A0069952F /* 1.png in Resources */ = {isa = PBXBuildFile; fileRef = FED9C89F21A7643A0069952F /* 1.png */; };
/* End PBXBuildFile section */

/* Begin PBXFileReference section */
		FE7869F221A5F9B6003FB9C4 /* AnimationsHW.app */ = {isa = PBXFileReference; explicitFileType = wrapper.application; includeInIndex = 0; path = AnimationsHW.app; sourceTree = BUILT_PRODUCTS_DIR; };
		FE7869F521A5F9B6003FB9C4 /* AppDelegate.h */ = {isa = PBXFileReference; lastKnownFileType = sourcecode.c.h; path = AppDelegate.h; sourceTree = "<group>"; };
		FE7869F621A5F9B6003FB9C4 /* AppDelegate.m */ = {isa = PBXFileReference; lastKnownFileType = sourcecode.c.objc; path = AppDelegate.m; sourceTree = "<group>"; };
		FE7869F821A5F9B6003FB9C4 /* ViewController.h */ = {isa = PBXFileReference; lastKnownFileType = sourcecode.c.h; path = ViewController.h; sourceTree = "<group>"; };
		FE7869F921A5F9B6003FB9C4 /* ViewController.m */ = {isa = PBXFileReference; lastKnownFileType = sourcecode.c.objc; path = ViewController.m; sourceTree = "<group>"; };
		FE7869FC21A5F9B6003FB9C4 /* Base */ = {isa = PBXFileReference; lastKnownFileType = file.storyboard; name = Base; path = Base.lproj/Main.storyboard; sourceTree = "<group>"; };
		FE7869FE21A5F9B8003FB9C4 /* Assets.xcassets */ = {isa = PBXFileReference; lastKnownFileType = folder.assetcatalog; path = Assets.xcassets; sourceTree = "<group>"; };
		FE786A0121A5F9B8003FB9C4 /* Base */ = {isa = PBXFileReference; lastKnownFileType = file.storyboard; name = Base; path = Base.lproj/LaunchScreen.storyboard; sourceTree = "<group>"; };
		FE786A0321A5F9B8003FB9C4 /* Info.plist */ = {isa = PBXFileReference; lastKnownFileType = text.plist.xml; path = Info.plist; sourceTree = "<group>"; };
		FE786A0421A5F9B8003FB9C4 /* main.m */ = {isa = PBXFileReference; lastKnownFileType = sourcecode.c.objc; path = main.m; sourceTree = "<group>"; };
		FEAD29C3232AE8A800BF5813 /* Tasks */ = {isa = PBXFileReference; lastKnownFileType = text; path = Tasks; sourceTree = "<group>"; };
		FED9C89821A7643A0069952F /* 8.png */ = {isa = PBXFileReference; lastKnownFileType = image.png; path = 8.png; sourceTree = "<group>"; };
		FED9C89921A7643A0069952F /* 4.png */ = {isa = PBXFileReference; lastKnownFileType = image.png; path = 4.png; sourceTree = "<group>"; };
		FED9C89A21A7643A0069952F /* 5.png */ = {isa = PBXFileReference; lastKnownFileType = image.png; path = 5.png; sourceTree = "<group>"; };
		FED9C89B21A7643A0069952F /* 7.png */ = {isa = PBXFileReference; lastKnownFileType = image.png; path = 7.png; sourceTree = "<group>"; };
		FED9C89C21A7643A0069952F /* 6.png */ = {isa = PBXFileReference; lastKnownFileType = image.png; path = 6.png; sourceTree = "<group>"; };
		FED9C89D21A7643A0069952F /* 2.png */ = {isa = PBXFileReference; lastKnownFileType = image.png; path = 2.png; sourceTree = "<group>"; };
		FED9C89E21A7643A0069952F /* 3.png */ = {isa = PBXFileReference; lastKnownFileType = image.png; path = 3.png; sourceTree = "<group>"; };
		FED9C89F21A7643A0069952F /* 1.png */ = {isa = PBXFileReference; lastKnownFileType = image.png; path = 1.png; sourceTree = "<group>"; };
/* End PBXFileReference section */

/* Begin PBXFrameworksBuildPhase section */
		FE7869EF21A5F9B6003FB9C4 /* Frameworks */ = {
			isa = PBXFrameworksBuildPhase;
			buildActionMask = 2147483647;
			files = (
			);
			runOnlyForDeploymentPostprocessing = 0;
		};
/* End PBXFrameworksBuildPhase section */

/* Begin PBXGroup section */
		FE7869E921A5F9B6003FB9C4 = {
			isa = PBXGroup;
			children = (
				FE7869F421A5F9B6003FB9C4 /* AnimationsHW */,
				FE7869F321A5F9B6003FB9C4 /* Products */,
			);
			sourceTree = "<group>";
		};
		FE7869F321A5F9B6003FB9C4 /* Products */ = {
			isa = PBXGroup;
			children = (
				FE7869F221A5F9B6003FB9C4 /* AnimationsHW.app */,
			);
			name = Products;
			sourceTree = "<group>";
		};
		FE7869F421A5F9B6003FB9C4 /* AnimationsHW */ = {
			isa = PBXGroup;
			children = (
				FEAD29C3232AE8A800BF5813 /* Tasks */,
				FE7869F521A5F9B6003FB9C4 /* AppDelegate.h */,
				FE7869F621A5F9B6003FB9C4 /* AppDelegate.m */,
				FE7869F821A5F9B6003FB9C4 /* ViewController.h */,
				FE7869F921A5F9B6003FB9C4 /* ViewController.m */,
				FE7869FB21A5F9B6003FB9C4 /* Main.storyboard */,
				FED9C89721A7643A0069952F /* imageFiles */,
				FE7869FE21A5F9B8003FB9C4 /* Assets.xcassets */,
				FE786A0021A5F9B8003FB9C4 /* LaunchScreen.storyboard */,
				FE786A0321A5F9B8003FB9C4 /* Info.plist */,
				FE786A0421A5F9B8003FB9C4 /* main.m */,
			);
			path = AnimationsHW;
			sourceTree = "<group>";
		};
		FED9C89721A7643A0069952F /* imageFiles */ = {
			isa = PBXGroup;
			children = (
				FED9C89821A7643A0069952F /* 8.png */,
				FED9C89921A7643A0069952F /* 4.png */,
				FED9C89A21A7643A0069952F /* 5.png */,
				FED9C89B21A7643A0069952F /* 7.png */,
				FED9C89C21A7643A0069952F /* 6.png */,
				FED9C89D21A7643A0069952F /* 2.png */,
				FED9C89E21A7643A0069952F /* 3.png */,
				FED9C89F21A7643A0069952F /* 1.png */,
			);
			path = imageFiles;
			sourceTree = "<group>";
		};
/* End PBXGroup section */

/* Begin PBXNativeTarget section */
		FE7869F121A5F9B6003FB9C4 /* AnimationsHW */ = {
			isa = PBXNativeTarget;
			buildConfigurationList = FE786A0821A5F9B8003FB9C4 /* Build configuration list for PBXNativeTarget "AnimationsHW" */;
			buildPhases = (
				FE7869EE21A5F9B6003FB9C4 /* Sources */,
				FE7869EF21A5F9B6003FB9C4 /* Frameworks */,
				FE7869F021A5F9B6003FB9C4 /* Resources */,
			);
			buildRules = (
			);
			dependencies = (
			);
			name = AnimationsHW;
			productName = AnimationsHW;
			productReference = FE7869F221A5F9B6003FB9C4 /* AnimationsHW.app */;
			productType = "com.apple.product-type.application";
		};
/* End PBXNativeTarget section */

/* Begin PBXProject section */
		FE7869EA21A5F9B6003FB9C4 /* Project object */ = {
			isa = PBXProject;
			attributes = {
				CLASSPREFIX = YC;
				LastUpgradeCheck = 1010;
				ORGANIZATIONNAME = "Yuriy Chizh";
				TargetAttributes = {
					FE7869F121A5F9B6003FB9C4 = {
						CreatedOnToolsVersion = 10.1;
						ProvisioningStyle = Automatic;
					};
				};
			};
			buildConfigurationList = FE7869ED21A5F9B6003FB9C4 /* Build configuration list for PBXProject "AnimationsHW" */;
			compatibilityVersion = "Xcode 8.0";
			developmentRegion = en;
			hasScannedForEncodings = 0;
			knownRegions = (
				en,
				Base,
			);
			mainGroup = FE7869E921A5F9B6003FB9C4;
			productRefGroup = FE7869F321A5F9B6003FB9C4 /* Products */;
			projectDirPath = "";
			projectRoot = "";
			targets = (
				FE7869F121A5F9B6003FB9C4 /* AnimationsHW */,
			);
		};
/* End PBXProject section */

/* Begin PBXResourcesBuildPhase section */
		FE7869F021A5F9B6003FB9C4 /* Resources */ = {
			isa = PBXResourcesBuildPhase;
			buildActionMask = 2147483647;
			files = (
				FED9C8A721A7643A0069952F /* 1.png in Resources */,
				FED9C8A021A7643A0069952F /* 8.png in Resources */,
				FE786A0221A5F9B8003FB9C4 /* LaunchScreen.storyboard in Resources */,
				FEAD29C4232AE8A800BF5813 /* Tasks in Resources */,
				FE7869FF21A5F9B8003FB9C4 /* Assets.xcassets in Resources */,
				FED9C8A321A7643A0069952F /* 7.png in Resources */,
				FED9C8A221A7643A0069952F /* 5.png in Resources */,
				FED9C8A621A7643A0069952F /* 3.png in Resources */,
				FED9C8A121A7643A0069952F /* 4.png in Resources */,
				FED9C8A521A7643A0069952F /* 2.png in Resources */,
				FED9C8A421A7643A0069952F /* 6.png in Resources */,
				FE7869FD21A5F9B6003FB9C4 /* Main.storyboard in Resources */,
			);
			runOnlyForDeploymentPostprocessing = 0;
		};
/* End PBXResourcesBuildPhase section */

/* Begin PBXSourcesBuildPhase section */
		FE7869EE21A5F9B6003FB9C4 /* Sources */ = {
			isa = PBXSourcesBuildPhase;
			buildActionMask = 2147483647;
			files = (
				FE7869FA21A5F9B6003FB9C4 /* ViewController.m in Sources */,
				FE786A0521A5F9B8003FB9C4 /* main.m in Sources */,
				FE7869F721A5F9B6003FB9C4 /* AppDelegate.m in Sources */,
			);
			runOnlyForDeploymentPostprocessing = 0;
		};
/* End PBXSourcesBuildPhase section */

/* Begin PBXVariantGroup section */
		FE7869FB21A5F9B6003FB9C4 /* Main.storyboard */ = {
			isa = PBXVariantGroup;
			children = (
				FE7869FC21A5F9B6003FB9C4 /* Base */,
			);
			name = Main.storyboard;
			sourceTree = "<group>";
		};
		FE786A0021A5F9B8003FB9C4 /* LaunchScreen.storyboard */ = {
			isa = PBXVariantGroup;
			children = (
				FE786A0121A5F9B8003FB9C4 /* Base */,
			);
			name = LaunchScreen.storyboard;
			sourceTree = "<group>";
		};
/* End PBXVariantGroup section */

/* Begin XCBuildConfiguration section */
		FE786A0621A5F9B8003FB9C4 /* Debug */ = {
			isa = XCBuildConfiguration;
			buildSettings = {
				ALWAYS_SEARCH_USER_PATHS = NO;
				CLANG_ANALYZER_NONNULL = YES;
				CLANG_ANALYZER_NUMBER_OBJECT_CONVERSION = YES_AGGRESSIVE;
				CLANG_CXX_LANGUAGE_STANDARD = "gnu++14";
				CLANG_CXX_LIBRARY = "libc++";
				CLANG_ENABLE_MODULES = YES;
				CLANG_ENABLE_OBJC_ARC = YES;
				CLANG_ENABLE_OBJC_WEAK = YES;
				CLANG_WARN_BLOCK_CAPTURE_AUTORELEASING = YES;
				CLANG_WARN_BOOL_CONVERSION = YES;
				CLANG_WARN_COMMA = YES;
				CLANG_WARN_CONSTANT_CONVERSION = YES;
				CLANG_WARN_DEPRECATED_OBJC_IMPLEMENTATIONS = YES;
				CLANG_WARN_DIRECT_OBJC_ISA_USAGE = YES_ERROR;
				CLANG_WARN_DOCUMENTATION_COMMENTS = YES;
				CLANG_WARN_EMPTY_BODY = YES;
				CLANG_WARN_ENUM_CONVERSION = YES;
				CLANG_WARN_INFINITE_RECURSION = YES;
				CLANG_WARN_INT_CONVERSION = YES;
				CLANG_WARN_NON_LITERAL_NULL_CONVERSION = YES;
				CLANG_WARN_OBJC_IMPLICIT_RETAIN_SELF = YES;
				CLANG_WARN_OBJC_LITERAL_CONVERSION = YES;
				CLANG_WARN_OBJC_ROOT_CLASS = YES_ERROR;
				CLANG_WARN_RANGE_LOOP_ANALYSIS = YES;
				CLANG_WARN_STRICT_PROTOTYPES = YES;
				CLANG_WARN_SUSPICIOUS_MOVE = YES;
				CLANG_WARN_UNGUARDED_AVAILABILITY = YES_AGGRESSIVE;
				CLANG_WARN_UNREACHABLE_CODE = YES;
				CLANG_WARN__DUPLICATE_METHOD_MATCH = YES;
				CODE_SIGN_IDENTITY = "iPhone Developer";
				COPY_PHASE_STRIP = NO;
				DEBUG_INFORMATION_FORMAT = dwarf;
				ENABLE_STRICT_OBJC_MSGSEND = YES;
				ENABLE_TESTABILITY = YES;
				GCC_C_LANGUAGE_STANDARD = gnu11;
				GCC_DYNAMIC_NO_PIC = NO;
				GCC_NO_COMMON_BLOCKS = YES;
				GCC_OPTIMIZATION_LEVEL = 0;
				GCC_PREPROCESSOR_DEFINITIONS = (
					"DEBUG=1",
					"$(inherited)",
				);
				GCC_WARN_64_TO_32_BIT_CONVERSION = YES;
				GCC_WARN_ABOUT_RETURN_TYPE = YES_ERROR;
				GCC_WARN_UNDECLARED_SELECTOR = YES;
				GCC_WARN_UNINITIALIZED_AUTOS = YES_AGGRESSIVE;
				GCC_WARN_UNUSED_FUNCTION = YES;
				GCC_WARN_UNUSED_VARIABLE = YES;
				IPHONEOS_DEPLOYMENT_TARGET = 12.1;
				MTL_ENABLE_DEBUG_INFO = INCLUDE_SOURCE;
				MTL_FAST_MATH = YES;
				ONLY_ACTIVE_ARCH = YES;
				SDKROOT = iphoneos;
			};
			name = Debug;
		};
		FE786A0721A5F9B8003FB9C4 /* Release */ = {
			isa = XCBuildConfiguration;
			buildSettings = {
				ALWAYS_SEARCH_USER_PATHS = NO;
				CLANG_ANALYZER_NONNULL = YES;
				CLANG_ANALYZER_NUMBER_OBJECT_CONVERSION = YES_AGGRESSIVE;
				CLANG_CXX_LANGUAGE_STANDARD = "gnu++14";
				CLANG_CXX_LIBRARY = "libc++";
				CLANG_ENABLE_MODULES = YES;
				CLANG_ENABLE_OBJC_ARC = YES;
				CLANG_ENABLE_OBJC_WEAK = YES;
				CLANG_WARN_BLOCK_CAPTURE_AUTORELEASING = YES;
				CLANG_WARN_BOOL_CONVERSION = YES;
				CLANG_WARN_COMMA = YES;
				CLANG_WARN_CONSTANT_CONVERSION = YES;
				CLANG_WARN_DEPRECATED_OBJC_IMPLEMENTATIONS = YES;
				CLANG_WARN_DIRECT_OBJC_ISA_USAGE = YES_ERROR;
				CLANG_WARN_DOCUMENTATION_COMMENTS = YES;
				CLANG_WARN_EMPTY_BODY = YES;
				CLANG_WARN_ENUM_CONVERSION = YES;
				CLANG_WARN_INFINITE_RECURSION = YES;
				CLANG_WARN_INT_CONVERSION = YES;
				CLANG_WARN_NON_LITERAL_NULL_CONVERSION = YES;
				CLANG_WARN_OBJC_IMPLICIT_RETAIN_SELF = YES;
				CLANG_WARN_OBJC_LITERAL_CONVERSION = YES;
				CLANG_WARN_OBJC_ROOT_CLASS = YES_ERROR;
				CLANG_WARN_RANGE_LOOP_ANALYSIS = YES;
				CLANG_WARN_STRICT_PROTOTYPES = YES;
				CLANG_WARN_SUSPICIOUS_MOVE = YES;
				CLANG_WARN_UNGUARDED_AVAILABILITY = YES_AGGRESSIVE;
				CLANG_WARN_UNREACHABLE_CODE = YES;
				CLANG_WARN__DUPLICATE_METHOD_MATCH = YES;
				CODE_SIGN_IDENTITY = "iPhone Developer";
				COPY_PHASE_STRIP = NO;
				DEBUG_INFORMATION_FORMAT = "dwarf-with-dsym";
				ENABLE_NS_ASSERTIONS = NO;
				ENABLE_STRICT_OBJC_MSGSEND = YES;
				GCC_C_LANGUAGE_STANDARD = gnu11;
				GCC_NO_COMMON_BLOCKS = YES;
				GCC_WARN_64_TO_32_BIT_CONVERSION = YES;
				GCC_WARN_ABOUT_RETURN_TYPE = YES_ERROR;
				GCC_WARN_UNDECLARED_SELECTOR = YES;
				GCC_WARN_UNINITIALIZED_AUTOS = YES_AGGRESSIVE;
				GCC_WARN_UNUSED_FUNCTION = YES;
				GCC_WARN_UNUSED_VARIABLE = YES;
				IPHONEOS_DEPLOYMENT_TARGET = 12.1;
				MTL_ENABLE_DEBUG_INFO = NO;
				MTL_FAST_MATH = YES;
				SDKROOT = iphoneos;
				VALIDATE_PRODUCT = YES;
			};
			name = Release;
		};
		FE786A0921A5F9B8003FB9C4 /* Debug */ = {
			isa = XCBuildConfiguration;
			buildSettings = {
				ASSETCATALOG_COMPILER_APPICON_NAME = AppIcon;
				CODE_SIGN_STYLE = Automatic;
				DEVELOPMENT_TEAM = RKS4NUDTC3;
				INFOPLIST_FILE = AnimationsHW/Info.plist;
				IPHONEOS_DEPLOYMENT_TARGET = 12.1;
				LD_RUNPATH_SEARCH_PATHS = "$(inherited) @executable_path/Frameworks";
				PRODUCT_BUNDLE_IDENTIFIER = com.yuriychizh.AnimationsHW;
				PRODUCT_NAME = "$(TARGET_NAME)";
				TARGETED_DEVICE_FAMILY = "1,2";
			};
			name = Debug;
		};
		FE786A0A21A5F9B8003FB9C4 /* Release */ = {
			isa = XCBuildConfiguration;
			buildSettings = {
				ASSETCATALOG_COMPILER_APPICON_NAME = AppIcon;
				CODE_SIGN_STYLE = Automatic;
				DEVELOPMENT_TEAM = RKS4NUDTC3;
				INFOPLIST_FILE = AnimationsHW/Info.plist;
				IPHONEOS_DEPLOYMENT_TARGET = 12.1;
				LD_RUNPATH_SEARCH_PATHS = "$(inherited) @executable_path/Frameworks";
				PRODUCT_BUNDLE_IDENTIFIER = com.yuriychizh.AnimationsHW;
				PRODUCT_NAME = "$(TARGET_NAME)";
				TARGETED_DEVICE_FAMILY = "1,2";
			};
			name = Release;
		};
/* End XCBuildConfiguration section */

/* Begin XCConfigurationList section */
		FE7869ED21A5F9B6003FB9C4 /* Build configuration list for PBXProject "AnimationsHW" */ = {
			isa = XCConfigurationList;
			buildConfigurations = (
				FE786A0621A5F9B8003FB9C4 /* Debug */,
				FE786A0721A5F9B8003FB9C4 /* Release */,
			);
			defaultConfigurationIsVisible = 0;
			defaultConfigurationName = Release;
		};
		FE786A0821A5F9B8003FB9C4 /* Build configuration list for PBXNativeTarget "AnimationsHW" */ = {
			isa = XCConfigurationList;
			buildConfigurations = (
				FE786A0921A5F9B8003FB9C4 /* Debug */,
				FE786A0A21A5F9B8003FB9C4 /* Release */,
			);
			defaultConfigurationIsVisible = 0;
			defaultConfigurationName = Release;
		};
/* End XCConfigurationList section */
	};
	rootObject = FE7869EA21A5F9B6003FB9C4 /* Project object */;
}
