// !$*UTF8*$!
{
	archiveVersion = 1;
	classes = {
	};
	objectVersion = 48;
	objects = {

/* Begin PBXBuildFile section */
		FE818F62210C889B00370B65 /* AppDelegate.m in Sources */ = {isa = PBXBuildFile; fileRef = FE818F61210C889B00370B65 /* AppDelegate.m */; };
		FE818F65210C889B00370B65 /* ViewController.m in Sources */ = {isa = PBXBuildFile; fileRef = FE818F64210C889B00370B65 /* ViewController.m */; };
		FE818F68210C889B00370B65 /* Main.storyboard in Resources */ = {isa = PBXBuildFile; fileRef = FE818F66210C889B00370B65 /* Main.storyboard */; };
		FE818F6A210C889B00370B65 /* Assets.xcassets in Resources */ = {isa = PBXBuildFile; fileRef = FE818F69210C889B00370B65 /* Assets.xcassets */; };
		FE818F6D210C889B00370B65 /* LaunchScreen.storyboard in Resources */ = {isa = PBXBuildFile; fileRef = FE818F6B210C889B00370B65 /* LaunchScreen.storyboard */; };
		FE818F70210C889B00370B65 /* main.m in Sources */ = {isa = PBXBuildFile; fileRef = FE818F6F210C889B00370B65 /* main.m */; };
		FE818F78210C8B0000370B65 /* ParentClass.m in Sources */ = {isa = PBXBuildFile; fileRef = FE818F77210C8B0000370B65 /* ParentClass.m */; };
		FE818F7B210CDDAA00370B65 /* ChildClass.m in Sources */ = {isa = PBXBuildFile; fileRef = FE818F7A210CDDAA00370B65 /* ChildClass.m */; };
/* End PBXBuildFile section */

/* Begin PBXFileReference section */
		FE818F5D210C889A00370B65 /* FunctionsTest.app */ = {isa = PBXFileReference; explicitFileType = wrapper.application; includeInIndex = 0; path = FunctionsTest.app; sourceTree = BUILT_PRODUCTS_DIR; };
		FE818F60210C889B00370B65 /* AppDelegate.h */ = {isa = PBXFileReference; lastKnownFileType = sourcecode.c.h; path = AppDelegate.h; sourceTree = "<group>"; };
		FE818F61210C889B00370B65 /* AppDelegate.m */ = {isa = PBXFileReference; lastKnownFileType = sourcecode.c.objc; path = AppDelegate.m; sourceTree = "<group>"; };
		FE818F63210C889B00370B65 /* ViewController.h */ = {isa = PBXFileReference; lastKnownFileType = sourcecode.c.h; path = ViewController.h; sourceTree = "<group>"; };
		FE818F64210C889B00370B65 /* ViewController.m */ = {isa = PBXFileReference; lastKnownFileType = sourcecode.c.objc; path = ViewController.m; sourceTree = "<group>"; };
		FE818F67210C889B00370B65 /* Base */ = {isa = PBXFileReference; lastKnownFileType = file.storyboard; name = Base; path = Base.lproj/Main.storyboard; sourceTree = "<group>"; };
		FE818F69210C889B00370B65 /* Assets.xcassets */ = {isa = PBXFileReference; lastKnownFileType = folder.assetcatalog; path = Assets.xcassets; sourceTree = "<group>"; };
		FE818F6C210C889B00370B65 /* Base */ = {isa = PBXFileReference; lastKnownFileType = file.storyboard; name = Base; path = Base.lproj/LaunchScreen.storyboard; sourceTree = "<group>"; };
		FE818F6E210C889B00370B65 /* Info.plist */ = {isa = PBXFileReference; lastKnownFileType = text.plist.xml; path = Info.plist; sourceTree = "<group>"; };
		FE818F6F210C889B00370B65 /* main.m */ = {isa = PBXFileReference; lastKnownFileType = sourcecode.c.objc; path = main.m; sourceTree = "<group>"; };
		FE818F76210C8B0000370B65 /* ParentClass.h */ = {isa = PBXFileReference; lastKnownFileType = sourcecode.c.h; path = ParentClass.h; sourceTree = "<group>"; };
		FE818F77210C8B0000370B65 /* ParentClass.m */ = {isa = PBXFileReference; lastKnownFileType = sourcecode.c.objc; path = ParentClass.m; sourceTree = "<group>"; };
		FE818F79210CDDAA00370B65 /* ChildClass.h */ = {isa = PBXFileReference; lastKnownFileType = sourcecode.c.h; path = ChildClass.h; sourceTree = "<group>"; };
		FE818F7A210CDDAA00370B65 /* ChildClass.m */ = {isa = PBXFileReference; lastKnownFileType = sourcecode.c.objc; path = ChildClass.m; sourceTree = "<group>"; };
/* End PBXFileReference section */

/* Begin PBXFrameworksBuildPhase section */
		FE818F5A210C889A00370B65 /* Frameworks */ = {
			isa = PBXFrameworksBuildPhase;
			buildActionMask = 2147483647;
			files = (
			);
			runOnlyForDeploymentPostprocessing = 0;
		};
/* End PBXFrameworksBuildPhase section */

/* Begin PBXGroup section */
		FE818F54210C889A00370B65 = {
			isa = PBXGroup;
			children = (
				FE818F5F210C889A00370B65 /* FunctionsTest */,
				FE818F5E210C889A00370B65 /* Products */,
			);
			sourceTree = "<group>";
		};
		FE818F5E210C889A00370B65 /* Products */ = {
			isa = PBXGroup;
			children = (
				FE818F5D210C889A00370B65 /* FunctionsTest.app */,
			);
			name = Products;
			sourceTree = "<group>";
		};
		FE818F5F210C889A00370B65 /* FunctionsTest */ = {
			isa = PBXGroup;
			children = (
				FE818F76210C8B0000370B65 /* ParentClass.h */,
				FE818F77210C8B0000370B65 /* ParentClass.m */,
				FE818F79210CDDAA00370B65 /* ChildClass.h */,
				FE818F7A210CDDAA00370B65 /* ChildClass.m */,
				FE818F60210C889B00370B65 /* AppDelegate.h */,
				FE818F61210C889B00370B65 /* AppDelegate.m */,
				FE818F63210C889B00370B65 /* ViewController.h */,
				FE818F64210C889B00370B65 /* ViewController.m */,
				FE818F66210C889B00370B65 /* Main.storyboard */,
				FE818F69210C889B00370B65 /* Assets.xcassets */,
				FE818F6B210C889B00370B65 /* LaunchScreen.storyboard */,
				FE818F6E210C889B00370B65 /* Info.plist */,
				FE818F6F210C889B00370B65 /* main.m */,
			);
			path = FunctionsTest;
			sourceTree = "<group>";
		};
/* End PBXGroup section */

/* Begin PBXNativeTarget section */
		FE818F5C210C889A00370B65 /* FunctionsTest */ = {
			isa = PBXNativeTarget;
			buildConfigurationList = FE818F73210C889B00370B65 /* Build configuration list for PBXNativeTarget "FunctionsTest" */;
			buildPhases = (
				FE818F59210C889A00370B65 /* Sources */,
				FE818F5A210C889A00370B65 /* Frameworks */,
				FE818F5B210C889A00370B65 /* Resources */,
			);
			buildRules = (
			);
			dependencies = (
			);
			name = FunctionsTest;
			productName = FunctionsTest;
			productReference = FE818F5D210C889A00370B65 /* FunctionsTest.app */;
			productType = "com.apple.product-type.application";
		};
/* End PBXNativeTarget section */

/* Begin PBXProject section */
		FE818F55210C889A00370B65 /* Project object */ = {
			isa = PBXProject;
			attributes = {
				LastUpgradeCheck = 0920;
				ORGANIZATIONNAME = "Yuriy Chizh";
				TargetAttributes = {
					FE818F5C210C889A00370B65 = {
						CreatedOnToolsVersion = 9.2;
						ProvisioningStyle = Automatic;
					};
				};
			};
			buildConfigurationList = FE818F58210C889A00370B65 /* Build configuration list for PBXProject "FunctionsTest" */;
			compatibilityVersion = "Xcode 8.0";
			developmentRegion = en;
			hasScannedForEncodings = 0;
			knownRegions = (
				en,
				Base,
			);
			mainGroup = FE818F54210C889A00370B65;
			productRefGroup = FE818F5E210C889A00370B65 /* Products */;
			projectDirPath = "";
			projectRoot = "";
			targets = (
				FE818F5C210C889A00370B65 /* FunctionsTest */,
			);
		};
/* End PBXProject section */

/* Begin PBXResourcesBuildPhase section */
		FE818F5B210C889A00370B65 /* Resources */ = {
			isa = PBXResourcesBuildPhase;
			buildActionMask = 2147483647;
			files = (
				FE818F6D210C889B00370B65 /* LaunchScreen.storyboard in Resources */,
				FE818F6A210C889B00370B65 /* Assets.xcassets in Resources */,
				FE818F68210C889B00370B65 /* Main.storyboard in Resources */,
			);
			runOnlyForDeploymentPostprocessing = 0;
		};
/* End PBXResourcesBuildPhase section */

/* Begin PBXSourcesBuildPhase section */
		FE818F59210C889A00370B65 /* Sources */ = {
			isa = PBXSourcesBuildPhase;
			buildActionMask = 2147483647;
			files = (
				FE818F78210C8B0000370B65 /* ParentClass.m in Sources */,
				FE818F7B210CDDAA00370B65 /* ChildClass.m in Sources */,
				FE818F65210C889B00370B65 /* ViewController.m in Sources */,
				FE818F70210C889B00370B65 /* main.m in Sources */,
				FE818F62210C889B00370B65 /* AppDelegate.m in Sources */,
			);
			runOnlyForDeploymentPostprocessing = 0;
		};
/* End PBXSourcesBuildPhase section */

/* Begin PBXVariantGroup section */
		FE818F66210C889B00370B65 /* Main.storyboard */ = {
			isa = PBXVariantGroup;
			children = (
				FE818F67210C889B00370B65 /* Base */,
			);
			name = Main.storyboard;
			sourceTree = "<group>";
		};
		FE818F6B210C889B00370B65 /* LaunchScreen.storyboard */ = {
			isa = PBXVariantGroup;
			children = (
				FE818F6C210C889B00370B65 /* Base */,
			);
			name = LaunchScreen.storyboard;
			sourceTree = "<group>";
		};
/* End PBXVariantGroup section */

/* Begin XCBuildConfiguration section */
		FE818F71210C889B00370B65 /* Debug */ = {
			isa = XCBuildConfiguration;
			buildSettings = {
				ALWAYS_SEARCH_USER_PATHS = NO;
				CLANG_ANALYZER_NONNULL = YES;
				CLANG_ANALYZER_NUMBER_OBJECT_CONVERSION = YES_AGGRESSIVE;
				CLANG_CXX_LANGUAGE_STANDARD = "gnu++14";
				CLANG_CXX_LIBRARY = "libc++";
				CLANG_ENABLE_MODULES = YES;
				CLANG_ENABLE_OBJC_ARC = YES;
				CLANG_WARN_BLOCK_CAPTURE_AUTORELEASING = YES;
				CLANG_WARN_BOOL_CONVERSION = YES;
				CLANG_WARN_COMMA = YES;
				CLANG_WARN_CONSTANT_CONVERSION = YES;
				CLANG_WARN_DIRECT_OBJC_ISA_USAGE = YES_ERROR;
				CLANG_WARN_DOCUMENTATION_COMMENTS = YES;
				CLANG_WARN_EMPTY_BODY = YES;
				CLANG_WARN_ENUM_CONVERSION = YES;
				CLANG_WARN_INFINITE_RECURSION = YES;
				CLANG_WARN_INT_CONVERSION = YES;
				CLANG_WARN_NON_LITERAL_NULL_CONVERSION = YES;
				CLANG_WARN_OBJC_LITERAL_CONVERSION = YES;
				CLANG_WARN_OBJC_ROOT_CLASS = YES_ERROR;
				CLANG_WARN_RANGE_LOOP_ANALYSIS = YES;
				CLANG_WARN_STRICT_PROTOTYPES = YES;
				CLANG_WARN_SUSPICIOUS_MOVE = YES;
				CLANG_WARN_UNGUARDED_AVAILABILITY = YES_AGGRESSIVE;
				CLANG_WARN_UNREACHABLE_CODE = YES;
				CLANG_WARN__DUPLICATE_METHOD_MATCH = YES;
				CODE_SIGN_IDENTITY = "iPhone Developer";
				COPY_PHASE_STRIP = NO;
				DEBUG_INFORMATION_FORMAT = dwarf;
				ENABLE_STRICT_OBJC_MSGSEND = YES;
				ENABLE_TESTABILITY = YES;
				GCC_C_LANGUAGE_STANDARD = gnu11;
				GCC_DYNAMIC_NO_PIC = NO;
				GCC_NO_COMMON_BLOCKS = YES;
				GCC_OPTIMIZATION_LEVEL = 0;
				GCC_PREPROCESSOR_DEFINITIONS = (
					"DEBUG=1",
					"$(inherited)",
				);
				GCC_WARN_64_TO_32_BIT_CONVERSION = YES;
				GCC_WARN_ABOUT_RETURN_TYPE = YES_ERROR;
				GCC_WARN_UNDECLARED_SELECTOR = YES;
				GCC_WARN_UNINITIALIZED_AUTOS = YES_AGGRESSIVE;
				GCC_WARN_UNUSED_FUNCTION = YES;
				GCC_WARN_UNUSED_VARIABLE = YES;
				IPHONEOS_DEPLOYMENT_TARGET = 11.2;
				MTL_ENABLE_DEBUG_INFO = YES;
				ONLY_ACTIVE_ARCH = YES;
				SDKROOT = iphoneos;
			};
			name = Debug;
		};
		FE818F72210C889B00370B65 /* Release */ = {
			isa = XCBuildConfiguration;
			buildSettings = {
				ALWAYS_SEARCH_USER_PATHS = NO;
				CLANG_ANALYZER_NONNULL = YES;
				CLANG_ANALYZER_NUMBER_OBJECT_CONVERSION = YES_AGGRESSIVE;
				CLANG_CXX_LANGUAGE_STANDARD = "gnu++14";
				CLANG_CXX_LIBRARY = "libc++";
				CLANG_ENABLE_MODULES = YES;
				CLANG_ENABLE_OBJC_ARC = YES;
				CLANG_WARN_BLOCK_CAPTURE_AUTORELEASING = YES;
				CLANG_WARN_BOOL_CONVERSION = YES;
				CLANG_WARN_COMMA = YES;
				CLANG_WARN_CONSTANT_CONVERSION = YES;
				CLANG_WARN_DIRECT_OBJC_ISA_USAGE = YES_ERROR;
				CLANG_WARN_DOCUMENTATION_COMMENTS = YES;
				CLANG_WARN_EMPTY_BODY = YES;
				CLANG_WARN_ENUM_CONVERSION = YES;
				CLANG_WARN_INFINITE_RECURSION = YES;
				CLANG_WARN_INT_CONVERSION = YES;
				CLANG_WARN_NON_LITERAL_NULL_CONVERSION = YES;
				CLANG_WARN_OBJC_LITERAL_CONVERSION = YES;
				CLANG_WARN_OBJC_ROOT_CLASS = YES_ERROR;
				CLANG_WARN_RANGE_LOOP_ANALYSIS = YES;
				CLANG_WARN_STRICT_PROTOTYPES = YES;
				CLANG_WARN_SUSPICIOUS_MOVE = YES;
				CLANG_WARN_UNGUARDED_AVAILABILITY = YES_AGGRESSIVE;
				CLANG_WARN_UNREACHABLE_CODE = YES;
				CLANG_WARN__DUPLICATE_METHOD_MATCH = YES;
				CODE_SIGN_IDENTITY = "iPhone Developer";
				COPY_PHASE_STRIP = NO;
				DEBUG_INFORMATION_FORMAT = "dwarf-with-dsym";
				ENABLE_NS_ASSERTIONS = NO;
				ENABLE_STRICT_OBJC_MSGSEND = YES;
				GCC_C_LANGUAGE_STANDARD = gnu11;
				GCC_NO_COMMON_BLOCKS = YES;
				GCC_WARN_64_TO_32_BIT_CONVERSION = YES;
				GCC_WARN_ABOUT_RETURN_TYPE = YES_ERROR;
				GCC_WARN_UNDECLARED_SELECTOR = YES;
				GCC_WARN_UNINITIALIZED_AUTOS = YES_AGGRESSIVE;
				GCC_WARN_UNUSED_FUNCTION = YES;
				GCC_WARN_UNUSED_VARIABLE = YES;
				IPHONEOS_DEPLOYMENT_TARGET = 11.2;
				MTL_ENABLE_DEBUG_INFO = NO;
				SDKROOT = iphoneos;
				VALIDATE_PRODUCT = YES;
			};
			name = Release;
		};
		FE818F74210C889B00370B65 /* Debug */ = {
			isa = XCBuildConfiguration;
			buildSettings = {
				ASSETCATALOG_COMPILER_APPICON_NAME = AppIcon;
				"CODE_SIGN_IDENTITY[sdk=iphoneos*]" = "iPhone Developer";
				CODE_SIGN_STYLE = Automatic;
				DEVELOPMENT_TEAM = "";
				INFOPLIST_FILE = FunctionsTest/Info.plist;
				LD_RUNPATH_SEARCH_PATHS = "$(inherited) @executable_path/Frameworks";
				PRODUCT_BUNDLE_IDENTIFIER = com.yuriychizh.FunctionsTest;
				PRODUCT_NAME = "$(TARGET_NAME)";
				PROVISIONING_PROFILE_SPECIFIER = "";
				TARGETED_DEVICE_FAMILY = "1,2";
			};
			name = Debug;
		};
		FE818F75210C889B00370B65 /* Release */ = {
			isa = XCBuildConfiguration;
			buildSettings = {
				ASSETCATALOG_COMPILER_APPICON_NAME = AppIcon;
				"CODE_SIGN_IDENTITY[sdk=iphoneos*]" = "iPhone Developer";
				CODE_SIGN_STYLE = Automatic;
				DEVELOPMENT_TEAM = "";
				INFOPLIST_FILE = FunctionsTest/Info.plist;
				LD_RUNPATH_SEARCH_PATHS = "$(inherited) @executable_path/Frameworks";
				PRODUCT_BUNDLE_IDENTIFIER = com.yuriychizh.FunctionsTest;
				PRODUCT_NAME = "$(TARGET_NAME)";
				PROVISIONING_PROFILE_SPECIFIER = "";
				TARGETED_DEVICE_FAMILY = "1,2";
			};
			name = Release;
		};
/* End XCBuildConfiguration section */

/* Begin XCConfigurationList section */
		FE818F58210C889A00370B65 /* Build configuration list for PBXProject "FunctionsTest" */ = {
			isa = XCConfigurationList;
			buildConfigurations = (
				FE818F71210C889B00370B65 /* Debug */,
				FE818F72210C889B00370B65 /* Release */,
			);
			defaultConfigurationIsVisible = 0;
			defaultConfigurationName = Release;
		};
		FE818F73210C889B00370B65 /* Build configuration list for PBXNativeTarget "FunctionsTest" */ = {
			isa = XCConfigurationList;
			buildConfigurations = (
				FE818F74210C889B00370B65 /* Debug */,
				FE818F75210C889B00370B65 /* Release */,
			);
			defaultConfigurationIsVisible = 0;
			defaultConfigurationName = Release;
		};
/* End XCConfigurationList section */
	};
	rootObject = FE818F55210C889A00370B65 /* Project object */;
}
