// !$*UTF8*$!
{
	archiveVersion = 1;
	classes = {
	};
	objectVersion = 50;
	objects = {

/* Begin PBXBuildFile section */
		FEA2E4DF21BAE59000C94382 /* AppDelegate.m in Sources */ = {isa = PBXBuildFile; fileRef = FEA2E4DE21BAE59000C94382 /* AppDelegate.m */; };
		FEA2E4E221BAE59100C94382 /* ViewController.m in Sources */ = {isa = PBXBuildFile; fileRef = FEA2E4E121BAE59100C94382 /* ViewController.m */; };
		FEA2E4E521BAE59100C94382 /* Main.storyboard in Resources */ = {isa = PBXBuildFile; fileRef = FEA2E4E321BAE59100C94382 /* Main.storyboard */; };
		FEA2E4E721BAE59200C94382 /* Assets.xcassets in Resources */ = {isa = PBXBuildFile; fileRef = FEA2E4E621BAE59200C94382 /* Assets.xcassets */; };
		FEA2E4EA21BAE59200C94382 /* LaunchScreen.storyboard in Resources */ = {isa = PBXBuildFile; fileRef = FEA2E4E821BAE59200C94382 /* LaunchScreen.storyboard */; };
		FEA2E4ED21BAE59200C94382 /* main.m in Sources */ = {isa = PBXBuildFile; fileRef = FEA2E4EC21BAE59200C94382 /* main.m */; };
		FEA2E4F821BAE62100C94382 /* YCDrawingView.m in Sources */ = {isa = PBXBuildFile; fileRef = FEA2E4F721BAE62100C94382 /* YCDrawingView.m */; };
/* End PBXBuildFile section */

/* Begin PBXFileReference section */
		FEA2E4DA21BAE59000C94382 /* DrawingsTest.app */ = {isa = PBXFileReference; explicitFileType = wrapper.application; includeInIndex = 0; path = DrawingsTest.app; sourceTree = BUILT_PRODUCTS_DIR; };
		FEA2E4DD21BAE59000C94382 /* AppDelegate.h */ = {isa = PBXFileReference; lastKnownFileType = sourcecode.c.h; path = AppDelegate.h; sourceTree = "<group>"; };
		FEA2E4DE21BAE59000C94382 /* AppDelegate.m */ = {isa = PBXFileReference; lastKnownFileType = sourcecode.c.objc; path = AppDelegate.m; sourceTree = "<group>"; };
		FEA2E4E021BAE59000C94382 /* ViewController.h */ = {isa = PBXFileReference; lastKnownFileType = sourcecode.c.h; path = ViewController.h; sourceTree = "<group>"; };
		FEA2E4E121BAE59100C94382 /* ViewController.m */ = {isa = PBXFileReference; lastKnownFileType = sourcecode.c.objc; path = ViewController.m; sourceTree = "<group>"; };
		FEA2E4E421BAE59100C94382 /* Base */ = {isa = PBXFileReference; lastKnownFileType = file.storyboard; name = Base; path = Base.lproj/Main.storyboard; sourceTree = "<group>"; };
		FEA2E4E621BAE59200C94382 /* Assets.xcassets */ = {isa = PBXFileReference; lastKnownFileType = folder.assetcatalog; path = Assets.xcassets; sourceTree = "<group>"; };
		FEA2E4E921BAE59200C94382 /* Base */ = {isa = PBXFileReference; lastKnownFileType = file.storyboard; name = Base; path = Base.lproj/LaunchScreen.storyboard; sourceTree = "<group>"; };
		FEA2E4EB21BAE59200C94382 /* Info.plist */ = {isa = PBXFileReference; lastKnownFileType = text.plist.xml; path = Info.plist; sourceTree = "<group>"; };
		FEA2E4EC21BAE59200C94382 /* main.m */ = {isa = PBXFileReference; lastKnownFileType = sourcecode.c.objc; path = main.m; sourceTree = "<group>"; };
		FEA2E4F621BAE62100C94382 /* YCDrawingView.h */ = {isa = PBXFileReference; lastKnownFileType = sourcecode.c.h; path = YCDrawingView.h; sourceTree = "<group>"; };
		FEA2E4F721BAE62100C94382 /* YCDrawingView.m */ = {isa = PBXFileReference; lastKnownFileType = sourcecode.c.objc; path = YCDrawingView.m; sourceTree = "<group>"; };
/* End PBXFileReference section */

/* Begin PBXFrameworksBuildPhase section */
		FEA2E4D721BAE59000C94382 /* Frameworks */ = {
			isa = PBXFrameworksBuildPhase;
			buildActionMask = 2147483647;
			files = (
			);
			runOnlyForDeploymentPostprocessing = 0;
		};
/* End PBXFrameworksBuildPhase section */

/* Begin PBXGroup section */
		FEA2E4D121BAE59000C94382 = {
			isa = PBXGroup;
			children = (
				FEA2E4DC21BAE59000C94382 /* DrawingsTest */,
				FEA2E4DB21BAE59000C94382 /* Products */,
			);
			sourceTree = "<group>";
		};
		FEA2E4DB21BAE59000C94382 /* Products */ = {
			isa = PBXGroup;
			children = (
				FEA2E4DA21BAE59000C94382 /* DrawingsTest.app */,
			);
			name = Products;
			sourceTree = "<group>";
		};
		FEA2E4DC21BAE59000C94382 /* DrawingsTest */ = {
			isa = PBXGroup;
			children = (
				FEA2E4F621BAE62100C94382 /* YCDrawingView.h */,
				FEA2E4F721BAE62100C94382 /* YCDrawingView.m */,
				FEA2E4DD21BAE59000C94382 /* AppDelegate.h */,
				FEA2E4DE21BAE59000C94382 /* AppDelegate.m */,
				FEA2E4E021BAE59000C94382 /* ViewController.h */,
				FEA2E4E121BAE59100C94382 /* ViewController.m */,
				FEA2E4E321BAE59100C94382 /* Main.storyboard */,
				FEA2E4E621BAE59200C94382 /* Assets.xcassets */,
				FEA2E4E821BAE59200C94382 /* LaunchScreen.storyboard */,
				FEA2E4EB21BAE59200C94382 /* Info.plist */,
				FEA2E4EC21BAE59200C94382 /* main.m */,
			);
			path = DrawingsTest;
			sourceTree = "<group>";
		};
/* End PBXGroup section */

/* Begin PBXNativeTarget section */
		FEA2E4D921BAE59000C94382 /* DrawingsTest */ = {
			isa = PBXNativeTarget;
			buildConfigurationList = FEA2E4F021BAE59200C94382 /* Build configuration list for PBXNativeTarget "DrawingsTest" */;
			buildPhases = (
				FEA2E4D621BAE59000C94382 /* Sources */,
				FEA2E4D721BAE59000C94382 /* Frameworks */,
				FEA2E4D821BAE59000C94382 /* Resources */,
			);
			buildRules = (
			);
			dependencies = (
			);
			name = DrawingsTest;
			productName = DrawingsTest;
			productReference = FEA2E4DA21BAE59000C94382 /* DrawingsTest.app */;
			productType = "com.apple.product-type.application";
		};
/* End PBXNativeTarget section */

/* Begin PBXProject section */
		FEA2E4D221BAE59000C94382 /* Project object */ = {
			isa = PBXProject;
			attributes = {
				CLASSPREFIX = YC;
				LastUpgradeCheck = 1010;
				ORGANIZATIONNAME = "Yuriy Chizh";
				TargetAttributes = {
					FEA2E4D921BAE59000C94382 = {
						CreatedOnToolsVersion = 10.1;
					};
				};
			};
			buildConfigurationList = FEA2E4D521BAE59000C94382 /* Build configuration list for PBXProject "DrawingsTest" */;
			compatibilityVersion = "Xcode 9.3";
			developmentRegion = en;
			hasScannedForEncodings = 0;
			knownRegions = (
				en,
				Base,
			);
			mainGroup = FEA2E4D121BAE59000C94382;
			productRefGroup = FEA2E4DB21BAE59000C94382 /* Products */;
			projectDirPath = "";
			projectRoot = "";
			targets = (
				FEA2E4D921BAE59000C94382 /* DrawingsTest */,
			);
		};
/* End PBXProject section */

/* Begin PBXResourcesBuildPhase section */
		FEA2E4D821BAE59000C94382 /* Resources */ = {
			isa = PBXResourcesBuildPhase;
			buildActionMask = 2147483647;
			files = (
				FEA2E4EA21BAE59200C94382 /* LaunchScreen.storyboard in Resources */,
				FEA2E4E721BAE59200C94382 /* Assets.xcassets in Resources */,
				FEA2E4E521BAE59100C94382 /* Main.storyboard in Resources */,
			);
			runOnlyForDeploymentPostprocessing = 0;
		};
/* End PBXResourcesBuildPhase section */

/* Begin PBXSourcesBuildPhase section */
		FEA2E4D621BAE59000C94382 /* Sources */ = {
			isa = PBXSourcesBuildPhase;
			buildActionMask = 2147483647;
			files = (
				FEA2E4E221BAE59100C94382 /* ViewController.m in Sources */,
				FEA2E4F821BAE62100C94382 /* YCDrawingView.m in Sources */,
				FEA2E4ED21BAE59200C94382 /* main.m in Sources */,
				FEA2E4DF21BAE59000C94382 /* AppDelegate.m in Sources */,
			);
			runOnlyForDeploymentPostprocessing = 0;
		};
/* End PBXSourcesBuildPhase section */

/* Begin PBXVariantGroup section */
		FEA2E4E321BAE59100C94382 /* Main.storyboard */ = {
			isa = PBXVariantGroup;
			children = (
				FEA2E4E421BAE59100C94382 /* Base */,
			);
			name = Main.storyboard;
			sourceTree = "<group>";
		};
		FEA2E4E821BAE59200C94382 /* LaunchScreen.storyboard */ = {
			isa = PBXVariantGroup;
			children = (
				FEA2E4E921BAE59200C94382 /* Base */,
			);
			name = LaunchScreen.storyboard;
			sourceTree = "<group>";
		};
/* End PBXVariantGroup section */

/* Begin XCBuildConfiguration section */
		FEA2E4EE21BAE59200C94382 /* Debug */ = {
			isa = XCBuildConfiguration;
			buildSettings = {
				ALWAYS_SEARCH_USER_PATHS = NO;
				CLANG_ANALYZER_NONNULL = YES;
				CLANG_ANALYZER_NUMBER_OBJECT_CONVERSION = YES_AGGRESSIVE;
				CLANG_CXX_LANGUAGE_STANDARD = "gnu++14";
				CLANG_CXX_LIBRARY = "libc++";
				CLANG_ENABLE_MODULES = YES;
				CLANG_ENABLE_OBJC_ARC = YES;
				CLANG_ENABLE_OBJC_WEAK = YES;
				CLANG_WARN_BLOCK_CAPTURE_AUTORELEASING = YES;
				CLANG_WARN_BOOL_CONVERSION = YES;
				CLANG_WARN_COMMA = YES;
				CLANG_WARN_CONSTANT_CONVERSION = YES;
				CLANG_WARN_DEPRECATED_OBJC_IMPLEMENTATIONS = YES;
				CLANG_WARN_DIRECT_OBJC_ISA_USAGE = YES_ERROR;
				CLANG_WARN_DOCUMENTATION_COMMENTS = YES;
				CLANG_WARN_EMPTY_BODY = YES;
				CLANG_WARN_ENUM_CONVERSION = YES;
				CLANG_WARN_INFINITE_RECURSION = YES;
				CLANG_WARN_INT_CONVERSION = YES;
				CLANG_WARN_NON_LITERAL_NULL_CONVERSION = YES;
				CLANG_WARN_OBJC_IMPLICIT_RETAIN_SELF = YES;
				CLANG_WARN_OBJC_LITERAL_CONVERSION = YES;
				CLANG_WARN_OBJC_ROOT_CLASS = YES_ERROR;
				CLANG_WARN_RANGE_LOOP_ANALYSIS = YES;
				CLANG_WARN_STRICT_PROTOTYPES = YES;
				CLANG_WARN_SUSPICIOUS_MOVE = YES;
				CLANG_WARN_UNGUARDED_AVAILABILITY = YES_AGGRESSIVE;
				CLANG_WARN_UNREACHABLE_CODE = YES;
				CLANG_WARN__DUPLICATE_METHOD_MATCH = YES;
				CODE_SIGN_IDENTITY = "iPhone Developer";
				COPY_PHASE_STRIP = NO;
				DEBUG_INFORMATION_FORMAT = dwarf;
				ENABLE_STRICT_OBJC_MSGSEND = YES;
				ENABLE_TESTABILITY = YES;
				GCC_C_LANGUAGE_STANDARD = gnu11;
				GCC_DYNAMIC_NO_PIC = NO;
				GCC_NO_COMMON_BLOCKS = YES;
				GCC_OPTIMIZATION_LEVEL = 0;
				GCC_PREPROCESSOR_DEFINITIONS = (
					"DEBUG=1",
					"$(inherited)",
				);
				GCC_WARN_64_TO_32_BIT_CONVERSION = YES;
				GCC_WARN_ABOUT_RETURN_TYPE = YES_ERROR;
				GCC_WARN_UNDECLARED_SELECTOR = YES;
				GCC_WARN_UNINITIALIZED_AUTOS = YES_AGGRESSIVE;
				GCC_WARN_UNUSED_FUNCTION = YES;
				GCC_WARN_UNUSED_VARIABLE = YES;
				IPHONEOS_DEPLOYMENT_TARGET = 12.1;
				MTL_ENABLE_DEBUG_INFO = INCLUDE_SOURCE;
				MTL_FAST_MATH = YES;
				ONLY_ACTIVE_ARCH = YES;
				SDKROOT = iphoneos;
			};
			name = Debug;
		};
		FEA2E4EF21BAE59200C94382 /* Release */ = {
			isa = XCBuildConfiguration;
			buildSettings = {
				ALWAYS_SEARCH_USER_PATHS = NO;
				CLANG_ANALYZER_NONNULL = YES;
				CLANG_ANALYZER_NUMBER_OBJECT_CONVERSION = YES_AGGRESSIVE;
				CLANG_CXX_LANGUAGE_STANDARD = "gnu++14";
				CLANG_CXX_LIBRARY = "libc++";
				CLANG_ENABLE_MODULES = YES;
				CLANG_ENABLE_OBJC_ARC = YES;
				CLANG_ENABLE_OBJC_WEAK = YES;
				CLANG_WARN_BLOCK_CAPTURE_AUTORELEASING = YES;
				CLANG_WARN_BOOL_CONVERSION = YES;
				CLANG_WARN_COMMA = YES;
				CLANG_WARN_CONSTANT_CONVERSION = YES;
				CLANG_WARN_DEPRECATED_OBJC_IMPLEMENTATIONS = YES;
				CLANG_WARN_DIRECT_OBJC_ISA_USAGE = YES_ERROR;
				CLANG_WARN_DOCUMENTATION_COMMENTS = YES;
				CLANG_WARN_EMPTY_BODY = YES;
				CLANG_WARN_ENUM_CONVERSION = YES;
				CLANG_WARN_INFINITE_RECURSION = YES;
				CLANG_WARN_INT_CONVERSION = YES;
				CLANG_WARN_NON_LITERAL_NULL_CONVERSION = YES;
				CLANG_WARN_OBJC_IMPLICIT_RETAIN_SELF = YES;
				CLANG_WARN_OBJC_LITERAL_CONVERSION = YES;
				CLANG_WARN_OBJC_ROOT_CLASS = YES_ERROR;
				CLANG_WARN_RANGE_LOOP_ANALYSIS = YES;
				CLANG_WARN_STRICT_PROTOTYPES = YES;
				CLANG_WARN_SUSPICIOUS_MOVE = YES;
				CLANG_WARN_UNGUARDED_AVAILABILITY = YES_AGGRESSIVE;
				CLANG_WARN_UNREACHABLE_CODE = YES;
				CLANG_WARN__DUPLICATE_METHOD_MATCH = YES;
				CODE_SIGN_IDENTITY = "iPhone Developer";
				COPY_PHASE_STRIP = NO;
				DEBUG_INFORMATION_FORMAT = "dwarf-with-dsym";
				ENABLE_NS_ASSERTIONS = NO;
				ENABLE_STRICT_OBJC_MSGSEND = YES;
				GCC_C_LANGUAGE_STANDARD = gnu11;
				GCC_NO_COMMON_BLOCKS = YES;
				GCC_WARN_64_TO_32_BIT_CONVERSION = YES;
				GCC_WARN_ABOUT_RETURN_TYPE = YES_ERROR;
				GCC_WARN_UNDECLARED_SELECTOR = YES;
				GCC_WARN_UNINITIALIZED_AUTOS = YES_AGGRESSIVE;
				GCC_WARN_UNUSED_FUNCTION = YES;
				GCC_WARN_UNUSED_VARIABLE = YES;
				IPHONEOS_DEPLOYMENT_TARGET = 12.1;
				MTL_ENABLE_DEBUG_INFO = NO;
				MTL_FAST_MATH = YES;
				SDKROOT = iphoneos;
				VALIDATE_PRODUCT = YES;
			};
			name = Release;
		};
		FEA2E4F121BAE59200C94382 /* Debug */ = {
			isa = XCBuildConfiguration;
			buildSettings = {
				ASSETCATALOG_COMPILER_APPICON_NAME = AppIcon;
				CODE_SIGN_STYLE = Automatic;
				INFOPLIST_FILE = DrawingsTest/Info.plist;
				LD_RUNPATH_SEARCH_PATHS = (
					"$(inherited)",
					"@executable_path/Frameworks",
				);
				PRODUCT_BUNDLE_IDENTIFIER = com.yuriychizh.DrawingsTest;
				PRODUCT_NAME = "$(TARGET_NAME)";
				TARGETED_DEVICE_FAMILY = "1,2";
			};
			name = Debug;
		};
		FEA2E4F221BAE59200C94382 /* Release */ = {
			isa = XCBuildConfiguration;
			buildSettings = {
				ASSETCATALOG_COMPILER_APPICON_NAME = AppIcon;
				CODE_SIGN_STYLE = Automatic;
				INFOPLIST_FILE = DrawingsTest/Info.plist;
				LD_RUNPATH_SEARCH_PATHS = (
					"$(inherited)",
					"@executable_path/Frameworks",
				);
				PRODUCT_BUNDLE_IDENTIFIER = com.yuriychizh.DrawingsTest;
				PRODUCT_NAME = "$(TARGET_NAME)";
				TARGETED_DEVICE_FAMILY = "1,2";
			};
			name = Release;
		};
/* End XCBuildConfiguration section */

/* Begin XCConfigurationList section */
		FEA2E4D521BAE59000C94382 /* Build configuration list for PBXProject "DrawingsTest" */ = {
			isa = XCConfigurationList;
			buildConfigurations = (
				FEA2E4EE21BAE59200C94382 /* Debug */,
				FEA2E4EF21BAE59200C94382 /* Release */,
			);
			defaultConfigurationIsVisible = 0;
			defaultConfigurationName = Release;
		};
		FEA2E4F021BAE59200C94382 /* Build configuration list for PBXNativeTarget "DrawingsTest" */ = {
			isa = XCConfigurationList;
			buildConfigurations = (
				FEA2E4F121BAE59200C94382 /* Debug */,
				FEA2E4F221BAE59200C94382 /* Release */,
			);
			defaultConfigurationIsVisible = 0;
			defaultConfigurationName = Release;
		};
/* End XCConfigurationList section */
	};
	rootObject = FEA2E4D221BAE59000C94382 /* Project object */;
}
