// !$*UTF8*$!
{
	archiveVersion = 1;
	classes = {
	};
	objectVersion = 50;
	objects = {

/* Begin PBXBuildFile section */
		FEFFB000221B2B3F00D50305 /* AppDelegate.m in Sources */ = {isa = PBXBuildFile; fileRef = FEFFAFFF221B2B3F00D50305 /* AppDelegate.m */; };
		FEFFB006221B2B3F00D50305 /* Main.storyboard in Resources */ = {isa = PBXBuildFile; fileRef = FEFFB004221B2B3F00D50305 /* Main.storyboard */; };
		FEFFB008221B2B4100D50305 /* Assets.xcassets in Resources */ = {isa = PBXBuildFile; fileRef = FEFFB007221B2B4100D50305 /* Assets.xcassets */; };
		FEFFB00B221B2B4100D50305 /* LaunchScreen.storyboard in Resources */ = {isa = PBXBuildFile; fileRef = FEFFB009221B2B4100D50305 /* LaunchScreen.storyboard */; };
		FEFFB00E221B2B4100D50305 /* main.m in Sources */ = {isa = PBXBuildFile; fileRef = FEFFB00D221B2B4100D50305 /* main.m */; };
		FEFFB016221B2DFB00D50305 /* YCSettingsTableViewController.m in Sources */ = {isa = PBXBuildFile; fileRef = FEFFB015221B2DFB00D50305 /* YCSettingsTableViewController.m */; };
/* End PBXBuildFile section */

/* Begin PBXFileReference section */
		FEFFAFFB221B2B3F00D50305 /* SettingsTest.app */ = {isa = PBXFileReference; explicitFileType = wrapper.application; includeInIndex = 0; path = SettingsTest.app; sourceTree = BUILT_PRODUCTS_DIR; };
		FEFFAFFE221B2B3F00D50305 /* AppDelegate.h */ = {isa = PBXFileReference; lastKnownFileType = sourcecode.c.h; path = AppDelegate.h; sourceTree = "<group>"; };
		FEFFAFFF221B2B3F00D50305 /* AppDelegate.m */ = {isa = PBXFileReference; lastKnownFileType = sourcecode.c.objc; path = AppDelegate.m; sourceTree = "<group>"; };
		FEFFB005221B2B3F00D50305 /* Base */ = {isa = PBXFileReference; lastKnownFileType = file.storyboard; name = Base; path = Base.lproj/Main.storyboard; sourceTree = "<group>"; };
		FEFFB007221B2B4100D50305 /* Assets.xcassets */ = {isa = PBXFileReference; lastKnownFileType = folder.assetcatalog; path = Assets.xcassets; sourceTree = "<group>"; };
		FEFFB00A221B2B4100D50305 /* Base */ = {isa = PBXFileReference; lastKnownFileType = file.storyboard; name = Base; path = Base.lproj/LaunchScreen.storyboard; sourceTree = "<group>"; };
		FEFFB00C221B2B4100D50305 /* Info.plist */ = {isa = PBXFileReference; lastKnownFileType = text.plist.xml; path = Info.plist; sourceTree = "<group>"; };
		FEFFB00D221B2B4100D50305 /* main.m */ = {isa = PBXFileReference; lastKnownFileType = sourcecode.c.objc; path = main.m; sourceTree = "<group>"; };
		FEFFB014221B2DFB00D50305 /* YCSettingsTableViewController.h */ = {isa = PBXFileReference; lastKnownFileType = sourcecode.c.h; path = YCSettingsTableViewController.h; sourceTree = "<group>"; };
		FEFFB015221B2DFB00D50305 /* YCSettingsTableViewController.m */ = {isa = PBXFileReference; lastKnownFileType = sourcecode.c.objc; path = YCSettingsTableViewController.m; sourceTree = "<group>"; };
/* End PBXFileReference section */

/* Begin PBXFrameworksBuildPhase section */
		FEFFAFF8221B2B3F00D50305 /* Frameworks */ = {
			isa = PBXFrameworksBuildPhase;
			buildActionMask = 2147483647;
			files = (
			);
			runOnlyForDeploymentPostprocessing = 0;
		};
/* End PBXFrameworksBuildPhase section */

/* Begin PBXGroup section */
		FEFFAFF2221B2B3F00D50305 = {
			isa = PBXGroup;
			children = (
				FEFFAFFD221B2B3F00D50305 /* SettingsTest */,
				FEFFAFFC221B2B3F00D50305 /* Products */,
			);
			sourceTree = "<group>";
		};
		FEFFAFFC221B2B3F00D50305 /* Products */ = {
			isa = PBXGroup;
			children = (
				FEFFAFFB221B2B3F00D50305 /* SettingsTest.app */,
			);
			name = Products;
			sourceTree = "<group>";
		};
		FEFFAFFD221B2B3F00D50305 /* SettingsTest */ = {
			isa = PBXGroup;
			children = (
				FEFFAFFE221B2B3F00D50305 /* AppDelegate.h */,
				FEFFAFFF221B2B3F00D50305 /* AppDelegate.m */,
				FEFFB014221B2DFB00D50305 /* YCSettingsTableViewController.h */,
				FEFFB015221B2DFB00D50305 /* YCSettingsTableViewController.m */,
				FEFFB004221B2B3F00D50305 /* Main.storyboard */,
				FEFFB007221B2B4100D50305 /* Assets.xcassets */,
				FEFFB009221B2B4100D50305 /* LaunchScreen.storyboard */,
				FEFFB00C221B2B4100D50305 /* Info.plist */,
				FEFFB00D221B2B4100D50305 /* main.m */,
			);
			path = SettingsTest;
			sourceTree = "<group>";
		};
/* End PBXGroup section */

/* Begin PBXNativeTarget section */
		FEFFAFFA221B2B3F00D50305 /* SettingsTest */ = {
			isa = PBXNativeTarget;
			buildConfigurationList = FEFFB011221B2B4100D50305 /* Build configuration list for PBXNativeTarget "SettingsTest" */;
			buildPhases = (
				FEFFAFF7221B2B3F00D50305 /* Sources */,
				FEFFAFF8221B2B3F00D50305 /* Frameworks */,
				FEFFAFF9221B2B3F00D50305 /* Resources */,
			);
			buildRules = (
			);
			dependencies = (
			);
			name = SettingsTest;
			productName = SettingsTest;
			productReference = FEFFAFFB221B2B3F00D50305 /* SettingsTest.app */;
			productType = "com.apple.product-type.application";
		};
/* End PBXNativeTarget section */

/* Begin PBXProject section */
		FEFFAFF3221B2B3F00D50305 /* Project object */ = {
			isa = PBXProject;
			attributes = {
				LastUpgradeCheck = 1010;
				ORGANIZATIONNAME = "Yuriy Chizh";
				TargetAttributes = {
					FEFFAFFA221B2B3F00D50305 = {
						CreatedOnToolsVersion = 10.1;
					};
				};
			};
			buildConfigurationList = FEFFAFF6221B2B3F00D50305 /* Build configuration list for PBXProject "SettingsTest" */;
			compatibilityVersion = "Xcode 9.3";
			developmentRegion = en;
			hasScannedForEncodings = 0;
			knownRegions = (
				en,
				Base,
			);
			mainGroup = FEFFAFF2221B2B3F00D50305;
			productRefGroup = FEFFAFFC221B2B3F00D50305 /* Products */;
			projectDirPath = "";
			projectRoot = "";
			targets = (
				FEFFAFFA221B2B3F00D50305 /* SettingsTest */,
			);
		};
/* End PBXProject section */

/* Begin PBXResourcesBuildPhase section */
		FEFFAFF9221B2B3F00D50305 /* Resources */ = {
			isa = PBXResourcesBuildPhase;
			buildActionMask = 2147483647;
			files = (
				FEFFB00B221B2B4100D50305 /* LaunchScreen.storyboard in Resources */,
				FEFFB008221B2B4100D50305 /* Assets.xcassets in Resources */,
				FEFFB006221B2B3F00D50305 /* Main.storyboard in Resources */,
			);
			runOnlyForDeploymentPostprocessing = 0;
		};
/* End PBXResourcesBuildPhase section */

/* Begin PBXSourcesBuildPhase section */
		FEFFAFF7221B2B3F00D50305 /* Sources */ = {
			isa = PBXSourcesBuildPhase;
			buildActionMask = 2147483647;
			files = (
				FEFFB00E221B2B4100D50305 /* main.m in Sources */,
				FEFFB016221B2DFB00D50305 /* YCSettingsTableViewController.m in Sources */,
				FEFFB000221B2B3F00D50305 /* AppDelegate.m in Sources */,
			);
			runOnlyForDeploymentPostprocessing = 0;
		};
/* End PBXSourcesBuildPhase section */

/* Begin PBXVariantGroup section */
		FEFFB004221B2B3F00D50305 /* Main.storyboard */ = {
			isa = PBXVariantGroup;
			children = (
				FEFFB005221B2B3F00D50305 /* Base */,
			);
			name = Main.storyboard;
			sourceTree = "<group>";
		};
		FEFFB009221B2B4100D50305 /* LaunchScreen.storyboard */ = {
			isa = PBXVariantGroup;
			children = (
				FEFFB00A221B2B4100D50305 /* Base */,
			);
			name = LaunchScreen.storyboard;
			sourceTree = "<group>";
		};
/* End PBXVariantGroup section */

/* Begin XCBuildConfiguration section */
		FEFFB00F221B2B4100D50305 /* Debug */ = {
			isa = XCBuildConfiguration;
			buildSettings = {
				ALWAYS_SEARCH_USER_PATHS = NO;
				CLANG_ANALYZER_NONNULL = YES;
				CLANG_ANALYZER_NUMBER_OBJECT_CONVERSION = YES_AGGRESSIVE;
				CLANG_CXX_LANGUAGE_STANDARD = "gnu++14";
				CLANG_CXX_LIBRARY = "libc++";
				CLANG_ENABLE_MODULES = YES;
				CLANG_ENABLE_OBJC_ARC = YES;
				CLANG_ENABLE_OBJC_WEAK = YES;
				CLANG_WARN_BLOCK_CAPTURE_AUTORELEASING = YES;
				CLANG_WARN_BOOL_CONVERSION = YES;
				CLANG_WARN_COMMA = YES;
				CLANG_WARN_CONSTANT_CONVERSION = YES;
				CLANG_WARN_DEPRECATED_OBJC_IMPLEMENTATIONS = YES;
				CLANG_WARN_DIRECT_OBJC_ISA_USAGE = YES_ERROR;
				CLANG_WARN_DOCUMENTATION_COMMENTS = YES;
				CLANG_WARN_EMPTY_BODY = YES;
				CLANG_WARN_ENUM_CONVERSION = YES;
				CLANG_WARN_INFINITE_RECURSION = YES;
				CLANG_WARN_INT_CONVERSION = YES;
				CLANG_WARN_NON_LITERAL_NULL_CONVERSION = YES;
				CLANG_WARN_OBJC_IMPLICIT_RETAIN_SELF = YES;
				CLANG_WARN_OBJC_LITERAL_CONVERSION = YES;
				CLANG_WARN_OBJC_ROOT_CLASS = YES_ERROR;
				CLANG_WARN_RANGE_LOOP_ANALYSIS = YES;
				CLANG_WARN_STRICT_PROTOTYPES = YES;
				CLANG_WARN_SUSPICIOUS_MOVE = YES;
				CLANG_WARN_UNGUARDED_AVAILABILITY = YES_AGGRESSIVE;
				CLANG_WARN_UNREACHABLE_CODE = YES;
				CLANG_WARN__DUPLICATE_METHOD_MATCH = YES;
				CODE_SIGN_IDENTITY = "iPhone Developer";
				COPY_PHASE_STRIP = NO;
				DEBUG_INFORMATION_FORMAT = dwarf;
				ENABLE_STRICT_OBJC_MSGSEND = YES;
				ENABLE_TESTABILITY = YES;
				GCC_C_LANGUAGE_STANDARD = gnu11;
				GCC_DYNAMIC_NO_PIC = NO;
				GCC_NO_COMMON_BLOCKS = YES;
				GCC_OPTIMIZATION_LEVEL = 0;
				GCC_PREPROCESSOR_DEFINITIONS = (
					"DEBUG=1",
					"$(inherited)",
				);
				GCC_WARN_64_TO_32_BIT_CONVERSION = YES;
				GCC_WARN_ABOUT_RETURN_TYPE = YES_ERROR;
				GCC_WARN_UNDECLARED_SELECTOR = YES;
				GCC_WARN_UNINITIALIZED_AUTOS = YES_AGGRESSIVE;
				GCC_WARN_UNUSED_FUNCTION = YES;
				GCC_WARN_UNUSED_VARIABLE = YES;
				IPHONEOS_DEPLOYMENT_TARGET = 12.1;
				MTL_ENABLE_DEBUG_INFO = INCLUDE_SOURCE;
				MTL_FAST_MATH = YES;
				ONLY_ACTIVE_ARCH = YES;
				SDKROOT = iphoneos;
			};
			name = Debug;
		};
		FEFFB010221B2B4100D50305 /* Release */ = {
			isa = XCBuildConfiguration;
			buildSettings = {
				ALWAYS_SEARCH_USER_PATHS = NO;
				CLANG_ANALYZER_NONNULL = YES;
				CLANG_ANALYZER_NUMBER_OBJECT_CONVERSION = YES_AGGRESSIVE;
				CLANG_CXX_LANGUAGE_STANDARD = "gnu++14";
				CLANG_CXX_LIBRARY = "libc++";
				CLANG_ENABLE_MODULES = YES;
				CLANG_ENABLE_OBJC_ARC = YES;
				CLANG_ENABLE_OBJC_WEAK = YES;
				CLANG_WARN_BLOCK_CAPTURE_AUTORELEASING = YES;
				CLANG_WARN_BOOL_CONVERSION = YES;
				CLANG_WARN_COMMA = YES;
				CLANG_WARN_CONSTANT_CONVERSION = YES;
				CLANG_WARN_DEPRECATED_OBJC_IMPLEMENTATIONS = YES;
				CLANG_WARN_DIRECT_OBJC_ISA_USAGE = YES_ERROR;
				CLANG_WARN_DOCUMENTATION_COMMENTS = YES;
				CLANG_WARN_EMPTY_BODY = YES;
				CLANG_WARN_ENUM_CONVERSION = YES;
				CLANG_WARN_INFINITE_RECURSION = YES;
				CLANG_WARN_INT_CONVERSION = YES;
				CLANG_WARN_NON_LITERAL_NULL_CONVERSION = YES;
				CLANG_WARN_OBJC_IMPLICIT_RETAIN_SELF = YES;
				CLANG_WARN_OBJC_LITERAL_CONVERSION = YES;
				CLANG_WARN_OBJC_ROOT_CLASS = YES_ERROR;
				CLANG_WARN_RANGE_LOOP_ANALYSIS = YES;
				CLANG_WARN_STRICT_PROTOTYPES = YES;
				CLANG_WARN_SUSPICIOUS_MOVE = YES;
				CLANG_WARN_UNGUARDED_AVAILABILITY = YES_AGGRESSIVE;
				CLANG_WARN_UNREACHABLE_CODE = YES;
				CLANG_WARN__DUPLICATE_METHOD_MATCH = YES;
				CODE_SIGN_IDENTITY = "iPhone Developer";
				COPY_PHASE_STRIP = NO;
				DEBUG_INFORMATION_FORMAT = "dwarf-with-dsym";
				ENABLE_NS_ASSERTIONS = NO;
				ENABLE_STRICT_OBJC_MSGSEND = YES;
				GCC_C_LANGUAGE_STANDARD = gnu11;
				GCC_NO_COMMON_BLOCKS = YES;
				GCC_WARN_64_TO_32_BIT_CONVERSION = YES;
				GCC_WARN_ABOUT_RETURN_TYPE = YES_ERROR;
				GCC_WARN_UNDECLARED_SELECTOR = YES;
				GCC_WARN_UNINITIALIZED_AUTOS = YES_AGGRESSIVE;
				GCC_WARN_UNUSED_FUNCTION = YES;
				GCC_WARN_UNUSED_VARIABLE = YES;
				IPHONEOS_DEPLOYMENT_TARGET = 12.1;
				MTL_ENABLE_DEBUG_INFO = NO;
				MTL_FAST_MATH = YES;
				SDKROOT = iphoneos;
				VALIDATE_PRODUCT = YES;
			};
			name = Release;
		};
		FEFFB012221B2B4100D50305 /* Debug */ = {
			isa = XCBuildConfiguration;
			buildSettings = {
				ASSETCATALOG_COMPILER_APPICON_NAME = AppIcon;
				CODE_SIGN_STYLE = Automatic;
				INFOPLIST_FILE = SettingsTest/Info.plist;
				LD_RUNPATH_SEARCH_PATHS = (
					"$(inherited)",
					"@executable_path/Frameworks",
				);
				PRODUCT_BUNDLE_IDENTIFIER = com.yuriychizh.SettingsTest;
				PRODUCT_NAME = "$(TARGET_NAME)";
				TARGETED_DEVICE_FAMILY = "1,2";
			};
			name = Debug;
		};
		FEFFB013221B2B4100D50305 /* Release */ = {
			isa = XCBuildConfiguration;
			buildSettings = {
				ASSETCATALOG_COMPILER_APPICON_NAME = AppIcon;
				CODE_SIGN_STYLE = Automatic;
				INFOPLIST_FILE = SettingsTest/Info.plist;
				LD_RUNPATH_SEARCH_PATHS = (
					"$(inherited)",
					"@executable_path/Frameworks",
				);
				PRODUCT_BUNDLE_IDENTIFIER = com.yuriychizh.SettingsTest;
				PRODUCT_NAME = "$(TARGET_NAME)";
				TARGETED_DEVICE_FAMILY = "1,2";
			};
			name = Release;
		};
/* End XCBuildConfiguration section */

/* Begin XCConfigurationList section */
		FEFFAFF6221B2B3F00D50305 /* Build configuration list for PBXProject "SettingsTest" */ = {
			isa = XCConfigurationList;
			buildConfigurations = (
				FEFFB00F221B2B4100D50305 /* Debug */,
				FEFFB010221B2B4100D50305 /* Release */,
			);
			defaultConfigurationIsVisible = 0;
			defaultConfigurationName = Release;
		};
		FEFFB011221B2B4100D50305 /* Build configuration list for PBXNativeTarget "SettingsTest" */ = {
			isa = XCConfigurationList;
			buildConfigurations = (
				FEFFB012221B2B4100D50305 /* Debug */,
				FEFFB013221B2B4100D50305 /* Release */,
			);
			defaultConfigurationIsVisible = 0;
			defaultConfigurationName = Release;
		};
/* End XCConfigurationList section */
	};
	rootObject = FEFFAFF3221B2B3F00D50305 /* Project object */;
}
